// !$*UTF8*$!
{
	archiveVersion = 1;
	classes = {
	};
	objectVersion = 46;
	objects = {

/* Begin PBXBuildFile section */
		00C302E51ABCBA2D00DB3ED1 /* libRCTActionSheet.a in Frameworks */ = {isa = PBXBuildFile; fileRef = 00C302AC1ABCB8CE00DB3ED1 /* libRCTActionSheet.a */; };
		00C302E71ABCBA2D00DB3ED1 /* libRCTGeolocation.a in Frameworks */ = {isa = PBXBuildFile; fileRef = 00C302BA1ABCB90400DB3ED1 /* libRCTGeolocation.a */; };
		00C302E81ABCBA2D00DB3ED1 /* libRCTImage.a in Frameworks */ = {isa = PBXBuildFile; fileRef = 00C302C01ABCB91800DB3ED1 /* libRCTImage.a */; };
		00C302E91ABCBA2D00DB3ED1 /* libRCTNetwork.a in Frameworks */ = {isa = PBXBuildFile; fileRef = 00C302DC1ABCB9D200DB3ED1 /* libRCTNetwork.a */; };
		00C302EA1ABCBA2D00DB3ED1 /* libRCTVibration.a in Frameworks */ = {isa = PBXBuildFile; fileRef = 00C302E41ABCB9EE00DB3ED1 /* libRCTVibration.a */; };
		11D1A2F320CAFA9E000508D9 /* libRCTAnimation.a in Frameworks */ = {isa = PBXBuildFile; fileRef = 5E9157331DD0AC6500FF2AA8 /* libRCTAnimation.a */; };
		133E29F31AD74F7200F7D852 /* libRCTLinking.a in Frameworks */ = {isa = PBXBuildFile; fileRef = 78C398B91ACF4ADC00677621 /* libRCTLinking.a */; };
		139105C61AF99C1200B5F7CC /* libRCTSettings.a in Frameworks */ = {isa = PBXBuildFile; fileRef = 139105C11AF99BAD00B5F7CC /* libRCTSettings.a */; };
		139FDEF61B0652A700C62182 /* libRCTWebSocket.a in Frameworks */ = {isa = PBXBuildFile; fileRef = 139FDEF41B06529B00C62182 /* libRCTWebSocket.a */; };
		13B07FBC1A68108700A75B9A /* AppDelegate.m in Sources */ = {isa = PBXBuildFile; fileRef = 13B07FB01A68108700A75B9A /* AppDelegate.m */; };
		13B07FBD1A68108700A75B9A /* LaunchScreen.xib in Resources */ = {isa = PBXBuildFile; fileRef = 13B07FB11A68108700A75B9A /* LaunchScreen.xib */; };
		13B07FBF1A68108700A75B9A /* Images.xcassets in Resources */ = {isa = PBXBuildFile; fileRef = 13B07FB51A68108700A75B9A /* Images.xcassets */; };
		13B07FC11A68108700A75B9A /* main.m in Sources */ = {isa = PBXBuildFile; fileRef = 13B07FB71A68108700A75B9A /* main.m */; };
		146834051AC3E58100842450 /* libReact.a in Frameworks */ = {isa = PBXBuildFile; fileRef = 146834041AC3E56700842450 /* libReact.a */; };
		202FE7E5A4B3459DAB2C95EE /* libRNFirebase.a in Frameworks */ = {isa = PBXBuildFile; fileRef = 26D3E484E2A04950B7C20FB0 /* libRNFirebase.a */; };
		28753A263A2B434585F7696D /* FontAwesome.ttf in Resources */ = {isa = PBXBuildFile; fileRef = 982CCD66B81846A586F58A8D /* FontAwesome.ttf */; };
		2B2BF1FAE97B4F769882EE17 /* SimpleLineIcons.ttf in Resources */ = {isa = PBXBuildFile; fileRef = 5757DA8CB5C64118B4151FE5 /* SimpleLineIcons.ttf */; };
		2C34C59893AF4E1BB701FC66 /* AntDesign.ttf in Resources */ = {isa = PBXBuildFile; fileRef = F6FA44337DF5431AA2D6BCAF /* AntDesign.ttf */; };
		33E90F6D2B68447FACAF368D /* EvilIcons.ttf in Resources */ = {isa = PBXBuildFile; fileRef = A445088E0D7540858EBA261B /* EvilIcons.ttf */; };
		3418094FBF2B409CA68C7353 /* MaterialIcons.ttf in Resources */ = {isa = PBXBuildFile; fileRef = 5650383C7A8F483D8E386ECB /* MaterialIcons.ttf */; };
		3650A2A87E28175928EA100D /* libPods-selftape.a in Frameworks */ = {isa = PBXBuildFile; fileRef = 4D52E8D2FBD508BC0507C52C /* libPods-selftape.a */; };
		663C8D69CC24416FA8F9C20B /* MaterialCommunityIcons.ttf in Resources */ = {isa = PBXBuildFile; fileRef = 25534E8F1C6C4FA38AD84CA6 /* MaterialCommunityIcons.ttf */; };
		6B34976200424FE996951C21 /* Foundation.ttf in Resources */ = {isa = PBXBuildFile; fileRef = FD06A37512CD4223A65C2526 /* Foundation.ttf */; };
		7680BCB9348541C0B3862FAE /* Ionicons.ttf in Resources */ = {isa = PBXBuildFile; fileRef = C94F010CD0F8404DABCBFDA2 /* Ionicons.ttf */; };
		7894BD6C42C94EF5857EBAA2 /* Feather.ttf in Resources */ = {isa = PBXBuildFile; fileRef = A23B404FEA474C4E8660FE6C /* Feather.ttf */; };
		832341BD1AAA6AB300B99B32 /* libRCTText.a in Frameworks */ = {isa = PBXBuildFile; fileRef = 832341B51AAA6A8300B99B32 /* libRCTText.a */; };
		8C325781DAEC425EBFE06FD6 /* Entypo.ttf in Resources */ = {isa = PBXBuildFile; fileRef = 95E9A4A6E3BB470786FC9AF5 /* Entypo.ttf */; };
		A3208E55BAC846CE86459085 /* Zocial.ttf in Resources */ = {isa = PBXBuildFile; fileRef = FDCADC2877EE4AA4968968AA /* Zocial.ttf */; };
		BAE8398A85874E8587913949 /* Octicons.ttf in Resources */ = {isa = PBXBuildFile; fileRef = 6D1060207EBE47D6A7C6CF8C /* Octicons.ttf */; };
		D39722BC46F046CEB8B91049 /* FontAwesome5_Brands.ttf in Resources */ = {isa = PBXBuildFile; fileRef = 5802CCEF1C844523AA488A00 /* FontAwesome5_Brands.ttf */; };
		E4040452232254A60078B5A9 /* libRNReactNativeDocViewer.a in Frameworks */ = {isa = PBXBuildFile; fileRef = E404044D232254650078B5A9 /* libRNReactNativeDocViewer.a */; };
		E4040454232254C70078B5A9 /* AssetsLibrary.framework in Frameworks */ = {isa = PBXBuildFile; fileRef = E4040453232254C70078B5A9 /* AssetsLibrary.framework */; };
		E4040456232254D80078B5A9 /* QuickLook.framework in Frameworks */ = {isa = PBXBuildFile; fileRef = E4040455232254D70078B5A9 /* QuickLook.framework */; };
		E4085DB622533E3100DB88B0 /* libRNFetchBlob.a in Frameworks */ = {isa = PBXBuildFile; fileRef = E4FDAE2822525ED20009912A /* libRNFetchBlob.a */; };
		E4085DEF2253593C00DB88B0 /* libRNGeocoder.a in Frameworks */ = {isa = PBXBuildFile; fileRef = E4085DEE2253593200DB88B0 /* libRNGeocoder.a */; };
		E409F9E622AA73E300C7349B /* InputMask.framework in Frameworks */ = {isa = PBXBuildFile; fileRef = E409F9E522AA73E300C7349B /* InputMask.framework */; };
		E409F9E722AA73E300C7349B /* InputMask.framework in Embed Frameworks */ = {isa = PBXBuildFile; fileRef = E409F9E522AA73E300C7349B /* InputMask.framework */; settings = {ATTRIBUTES = (CodeSignOnCopy, RemoveHeadersOnCopy, ); }; };
		E409F9E822AA73EB00C7349B /* libRNTextInputMask.a in Frameworks */ = {isa = PBXBuildFile; fileRef = E409F9E422AA73D100C7349B /* libRNTextInputMask.a */; };
		E4337D8622F045090096D7B9 /* libimageCropPicker.a in Frameworks */ = {isa = PBXBuildFile; fileRef = E4337D5222F044FC0096D7B9 /* libimageCropPicker.a */; };
		E4337DDD22F04FAC0096D7B9 /* RSKImageCropper.framework in Frameworks */ = {isa = PBXBuildFile; fileRef = E4337DDC22F04FAC0096D7B9 /* RSKImageCropper.framework */; };
		E4337DDE22F04FAC0096D7B9 /* RSKImageCropper.framework in Embed Frameworks */ = {isa = PBXBuildFile; fileRef = E4337DDC22F04FAC0096D7B9 /* RSKImageCropper.framework */; settings = {ATTRIBUTES = (CodeSignOnCopy, RemoveHeadersOnCopy, ); }; };
		E4337DE022F04FBF0096D7B9 /* QBImagePicker.framework in Frameworks */ = {isa = PBXBuildFile; fileRef = E4337DDF22F04FBF0096D7B9 /* QBImagePicker.framework */; };
		E4337DE122F04FBF0096D7B9 /* QBImagePicker.framework in Embed Frameworks */ = {isa = PBXBuildFile; fileRef = E4337DDF22F04FBF0096D7B9 /* QBImagePicker.framework */; settings = {ATTRIBUTES = (CodeSignOnCopy, RemoveHeadersOnCopy, ); }; };
		E440A18E2253A23800C71502 /* libRNCAsyncStorage.a in Frameworks */ = {isa = PBXBuildFile; fileRef = E440A18D2253A23300C71502 /* libRNCAsyncStorage.a */; };
		E441FB51224D757500AD4794 /* GoogleService-Info.plist in Resources */ = {isa = PBXBuildFile; fileRef = E441FB23224D757500AD4794 /* GoogleService-Info.plist */; };
		E441FC94224D803200AD4794 /* libRNCardIO.a in Frameworks */ = {isa = PBXBuildFile; fileRef = E441FC93224D802900AD4794 /* libRNCardIO.a */; };
		E441FCAC224D812900AD4794 /* Avenir-Light.ttf in Resources */ = {isa = PBXBuildFile; fileRef = E441FCA5224D812900AD4794 /* Avenir-Light.ttf */; };
		E441FCAD224D812900AD4794 /* SukhumvitSet-Bold.ttf in Resources */ = {isa = PBXBuildFile; fileRef = E441FCA6224D812900AD4794 /* SukhumvitSet-Bold.ttf */; };
		E441FCAE224D812900AD4794 /* OCR-A-Regular.ttf in Resources */ = {isa = PBXBuildFile; fileRef = E441FCA7224D812900AD4794 /* OCR-A-Regular.ttf */; };
		E441FCAF224D812900AD4794 /* Abril-Fatface.ttf in Resources */ = {isa = PBXBuildFile; fileRef = E441FCA8224D812900AD4794 /* Abril-Fatface.ttf */; };
		E441FCB0224D812900AD4794 /* Helvetica-Light.ttf in Resources */ = {isa = PBXBuildFile; fileRef = E441FCA9224D812900AD4794 /* Helvetica-Light.ttf */; };
		E441FCB1224D812900AD4794 /* Baskerville-Italic.ttf in Resources */ = {isa = PBXBuildFile; fileRef = E441FCAA224D812900AD4794 /* Baskerville-Italic.ttf */; };
		E441FCB2224D812900AD4794 /* ER-Bukinist-Mac-Bold.ttf in Resources */ = {isa = PBXBuildFile; fileRef = E441FCAB224D812900AD4794 /* ER-Bukinist-Mac-Bold.ttf */; };
		E45FE960229D1F0400ADF404 /* libRCTCameraRoll.a in Frameworks */ = {isa = PBXBuildFile; fileRef = E45FE932229D1EFD00ADF404 /* libRCTCameraRoll.a */; };
		E482BD90232188F500EFAB85 /* libRNFileViewer.a in Frameworks */ = {isa = PBXBuildFile; fileRef = E482BD88232188DE00EFAB85 /* libRNFileViewer.a */; };
		E49CE3C122A7B802006F89BF /* libRNSmtpMailer.a in Frameworks */ = {isa = PBXBuildFile; fileRef = E49CE3BD22A7B7EF006F89BF /* libRNSmtpMailer.a */; };
		E4FD0B9B22EB135E007270E6 /* libRNDocumentPicker.a in Frameworks */ = {isa = PBXBuildFile; fileRef = E4FD0B9222EB1355007270E6 /* libRNDocumentPicker.a */; };
		E4FDAD79225227710009912A /* libRCTVideo.a in Frameworks */ = {isa = PBXBuildFile; fileRef = E4FDAD5E225227570009912A /* libRCTVideo.a */; };
		E4FDAD9A22522DD70009912A /* libAirMaps.a in Frameworks */ = {isa = PBXBuildFile; fileRef = E4FDAD9922522DCE0009912A /* libAirMaps.a */; };
		E4FDADA122522EB30009912A /* libReactNativePermissions.a in Frameworks */ = {isa = PBXBuildFile; fileRef = E4FDADA022522EAB0009912A /* libReactNativePermissions.a */; };
		E4FDADA822522F990009912A /* libRNImagePicker.a in Frameworks */ = {isa = PBXBuildFile; fileRef = E4FDADA722522F900009912A /* libRNImagePicker.a */; };
		E4FDADAF225230040009912A /* libRCTImageResizer.a in Frameworks */ = {isa = PBXBuildFile; fileRef = E4FDADAE22522FFD0009912A /* libRCTImageResizer.a */; };
		EB19D53DE3CE433E8115C10B /* FontAwesome5_Regular.ttf in Resources */ = {isa = PBXBuildFile; fileRef = 32120E31F6A04E2E98A0AAAA /* FontAwesome5_Regular.ttf */; };
		ED297163215061F000B7C4FE /* JavaScriptCore.framework in Frameworks */ = {isa = PBXBuildFile; fileRef = ED297162215061F000B7C4FE /* JavaScriptCore.framework */; };
		F63DF5F82280354E009398CA /* libRNVersionNumber.a in Frameworks */ = {isa = PBXBuildFile; fileRef = F63DF5F522803510009398CA /* libRNVersionNumber.a */; };
		FC018D234E8B4CC8AB4C978E /* FontAwesome5_Solid.ttf in Resources */ = {isa = PBXBuildFile; fileRef = 683603DBD6DA4775B5EB72FF /* FontAwesome5_Solid.ttf */; };
/* End PBXBuildFile section */

/* Begin PBXContainerItemProxy section */
		00C302AB1ABCB8CE00DB3ED1 /* PBXContainerItemProxy */ = {
			isa = PBXContainerItemProxy;
			containerPortal = 00C302A71ABCB8CE00DB3ED1 /* RCTActionSheet.xcodeproj */;
			proxyType = 2;
			remoteGlobalIDString = 134814201AA4EA6300B7C361;
			remoteInfo = RCTActionSheet;
		};
		00C302B91ABCB90400DB3ED1 /* PBXContainerItemProxy */ = {
			isa = PBXContainerItemProxy;
			containerPortal = 00C302B51ABCB90400DB3ED1 /* RCTGeolocation.xcodeproj */;
			proxyType = 2;
			remoteGlobalIDString = 134814201AA4EA6300B7C361;
			remoteInfo = RCTGeolocation;
		};
		00C302BF1ABCB91800DB3ED1 /* PBXContainerItemProxy */ = {
			isa = PBXContainerItemProxy;
			containerPortal = 00C302BB1ABCB91800DB3ED1 /* RCTImage.xcodeproj */;
			proxyType = 2;
			remoteGlobalIDString = 58B5115D1A9E6B3D00147676;
			remoteInfo = RCTImage;
		};
		00C302DB1ABCB9D200DB3ED1 /* PBXContainerItemProxy */ = {
			isa = PBXContainerItemProxy;
			containerPortal = 00C302D31ABCB9D200DB3ED1 /* RCTNetwork.xcodeproj */;
			proxyType = 2;
			remoteGlobalIDString = 58B511DB1A9E6C8500147676;
			remoteInfo = RCTNetwork;
		};
		00C302E31ABCB9EE00DB3ED1 /* PBXContainerItemProxy */ = {
			isa = PBXContainerItemProxy;
			containerPortal = 00C302DF1ABCB9EE00DB3ED1 /* RCTVibration.xcodeproj */;
			proxyType = 2;
			remoteGlobalIDString = 832C81801AAF6DEF007FA2F7;
			remoteInfo = RCTVibration;
		};
		139105C01AF99BAD00B5F7CC /* PBXContainerItemProxy */ = {
			isa = PBXContainerItemProxy;
			containerPortal = 139105B61AF99BAD00B5F7CC /* RCTSettings.xcodeproj */;
			proxyType = 2;
			remoteGlobalIDString = 134814201AA4EA6300B7C361;
			remoteInfo = RCTSettings;
		};
		139FDEF31B06529B00C62182 /* PBXContainerItemProxy */ = {
			isa = PBXContainerItemProxy;
			containerPortal = 139FDEE61B06529A00C62182 /* RCTWebSocket.xcodeproj */;
			proxyType = 2;
			remoteGlobalIDString = 3C86DF461ADF2C930047B81A;
			remoteInfo = RCTWebSocket;
		};
		146834031AC3E56700842450 /* PBXContainerItemProxy */ = {
			isa = PBXContainerItemProxy;
			containerPortal = 146833FF1AC3E56700842450 /* React.xcodeproj */;
			proxyType = 2;
			remoteGlobalIDString = 83CBBA2E1A601D0E00E9B192;
			remoteInfo = React;
		};
		2D16E6831FA4F8DC00B85C8A /* PBXContainerItemProxy */ = {
			isa = PBXContainerItemProxy;
			containerPortal = 139FDEE61B06529A00C62182 /* RCTWebSocket.xcodeproj */;
			proxyType = 2;
			remoteGlobalIDString = 3DBE0D001F3B181A0099AA32;
			remoteInfo = fishhook;
		};
		2D16E6851FA4F8DC00B85C8A /* PBXContainerItemProxy */ = {
			isa = PBXContainerItemProxy;
			containerPortal = 139FDEE61B06529A00C62182 /* RCTWebSocket.xcodeproj */;
			proxyType = 2;
			remoteGlobalIDString = 3DBE0D0D1F3B181C0099AA32;
			remoteInfo = "fishhook-tvOS";
		};
		2DF0FFDE2056DD460020B375 /* PBXContainerItemProxy */ = {
			isa = PBXContainerItemProxy;
			containerPortal = 146833FF1AC3E56700842450 /* React.xcodeproj */;
			proxyType = 2;
			remoteGlobalIDString = EBF21BDC1FC498900052F4D5;
			remoteInfo = jsinspector;
		};
		2DF0FFE02056DD460020B375 /* PBXContainerItemProxy */ = {
			isa = PBXContainerItemProxy;
			containerPortal = 146833FF1AC3E56700842450 /* React.xcodeproj */;
			proxyType = 2;
			remoteGlobalIDString = EBF21BFA1FC4989A0052F4D5;
			remoteInfo = "jsinspector-tvOS";
		};
		2DF0FFE22056DD460020B375 /* PBXContainerItemProxy */ = {
			isa = PBXContainerItemProxy;
			containerPortal = 146833FF1AC3E56700842450 /* React.xcodeproj */;
			proxyType = 2;
			remoteGlobalIDString = 139D7ECE1E25DB7D00323FB7;
			remoteInfo = "third-party";
		};
		2DF0FFE42056DD460020B375 /* PBXContainerItemProxy */ = {
			isa = PBXContainerItemProxy;
			containerPortal = 146833FF1AC3E56700842450 /* React.xcodeproj */;
			proxyType = 2;
			remoteGlobalIDString = 3D383D3C1EBD27B6005632C8;
			remoteInfo = "third-party-tvOS";
		};
		2DF0FFE62056DD460020B375 /* PBXContainerItemProxy */ = {
			isa = PBXContainerItemProxy;
			containerPortal = 146833FF1AC3E56700842450 /* React.xcodeproj */;
			proxyType = 2;
			remoteGlobalIDString = 139D7E881E25C6D100323FB7;
			remoteInfo = "double-conversion";
		};
		2DF0FFE82056DD460020B375 /* PBXContainerItemProxy */ = {
			isa = PBXContainerItemProxy;
			containerPortal = 146833FF1AC3E56700842450 /* React.xcodeproj */;
			proxyType = 2;
			remoteGlobalIDString = 3D383D621EBD27B9005632C8;
			remoteInfo = "double-conversion-tvOS";
		};
		3DAD3E831DF850E9000B6D8A /* PBXContainerItemProxy */ = {
			isa = PBXContainerItemProxy;
			containerPortal = 00C302BB1ABCB91800DB3ED1 /* RCTImage.xcodeproj */;
			proxyType = 2;
			remoteGlobalIDString = 2D2A283A1D9B042B00D4039D;
			remoteInfo = "RCTImage-tvOS";
		};
		3DAD3E871DF850E9000B6D8A /* PBXContainerItemProxy */ = {
			isa = PBXContainerItemProxy;
			containerPortal = 78C398B01ACF4ADC00677621 /* RCTLinking.xcodeproj */;
			proxyType = 2;
			remoteGlobalIDString = 2D2A28471D9B043800D4039D;
			remoteInfo = "RCTLinking-tvOS";
		};
		3DAD3E8B1DF850E9000B6D8A /* PBXContainerItemProxy */ = {
			isa = PBXContainerItemProxy;
			containerPortal = 00C302D31ABCB9D200DB3ED1 /* RCTNetwork.xcodeproj */;
			proxyType = 2;
			remoteGlobalIDString = 2D2A28541D9B044C00D4039D;
			remoteInfo = "RCTNetwork-tvOS";
		};
		3DAD3E8F1DF850E9000B6D8A /* PBXContainerItemProxy */ = {
			isa = PBXContainerItemProxy;
			containerPortal = 139105B61AF99BAD00B5F7CC /* RCTSettings.xcodeproj */;
			proxyType = 2;
			remoteGlobalIDString = 2D2A28611D9B046600D4039D;
			remoteInfo = "RCTSettings-tvOS";
		};
		3DAD3E931DF850E9000B6D8A /* PBXContainerItemProxy */ = {
			isa = PBXContainerItemProxy;
			containerPortal = 832341B01AAA6A8300B99B32 /* RCTText.xcodeproj */;
			proxyType = 2;
			remoteGlobalIDString = 2D2A287B1D9B048500D4039D;
			remoteInfo = "RCTText-tvOS";
		};
		3DAD3E981DF850E9000B6D8A /* PBXContainerItemProxy */ = {
			isa = PBXContainerItemProxy;
			containerPortal = 139FDEE61B06529A00C62182 /* RCTWebSocket.xcodeproj */;
			proxyType = 2;
			remoteGlobalIDString = 2D2A28881D9B049200D4039D;
			remoteInfo = "RCTWebSocket-tvOS";
		};
		3DAD3EA21DF850E9000B6D8A /* PBXContainerItemProxy */ = {
			isa = PBXContainerItemProxy;
			containerPortal = 146833FF1AC3E56700842450 /* React.xcodeproj */;
			proxyType = 2;
			remoteGlobalIDString = 2D2A28131D9B038B00D4039D;
			remoteInfo = "React-tvOS";
		};
		3DAD3EA41DF850E9000B6D8A /* PBXContainerItemProxy */ = {
			isa = PBXContainerItemProxy;
			containerPortal = 146833FF1AC3E56700842450 /* React.xcodeproj */;
			proxyType = 2;
			remoteGlobalIDString = 3D3C059A1DE3340900C268FA;
			remoteInfo = yoga;
		};
		3DAD3EA61DF850E9000B6D8A /* PBXContainerItemProxy */ = {
			isa = PBXContainerItemProxy;
			containerPortal = 146833FF1AC3E56700842450 /* React.xcodeproj */;
			proxyType = 2;
			remoteGlobalIDString = 3D3C06751DE3340C00C268FA;
			remoteInfo = "yoga-tvOS";
		};
		3DAD3EA81DF850E9000B6D8A /* PBXContainerItemProxy */ = {
			isa = PBXContainerItemProxy;
			containerPortal = 146833FF1AC3E56700842450 /* React.xcodeproj */;
			proxyType = 2;
			remoteGlobalIDString = 3D3CD9251DE5FBEC00167DC4;
			remoteInfo = cxxreact;
		};
		3DAD3EAA1DF850E9000B6D8A /* PBXContainerItemProxy */ = {
			isa = PBXContainerItemProxy;
			containerPortal = 146833FF1AC3E56700842450 /* React.xcodeproj */;
			proxyType = 2;
			remoteGlobalIDString = 3D3CD9321DE5FBEE00167DC4;
			remoteInfo = "cxxreact-tvOS";
		};
		5E9157321DD0AC6500FF2AA8 /* PBXContainerItemProxy */ = {
			isa = PBXContainerItemProxy;
			containerPortal = 5E91572D1DD0AC6500FF2AA8 /* RCTAnimation.xcodeproj */;
			proxyType = 2;
			remoteGlobalIDString = 134814201AA4EA6300B7C361;
			remoteInfo = RCTAnimation;
		};
		5E9157341DD0AC6500FF2AA8 /* PBXContainerItemProxy */ = {
			isa = PBXContainerItemProxy;
			containerPortal = 5E91572D1DD0AC6500FF2AA8 /* RCTAnimation.xcodeproj */;
			proxyType = 2;
			remoteGlobalIDString = 2D2A28201D9B03D100D4039D;
			remoteInfo = "RCTAnimation-tvOS";
		};
		78C398B81ACF4ADC00677621 /* PBXContainerItemProxy */ = {
			isa = PBXContainerItemProxy;
			containerPortal = 78C398B01ACF4ADC00677621 /* RCTLinking.xcodeproj */;
			proxyType = 2;
			remoteGlobalIDString = 134814201AA4EA6300B7C361;
			remoteInfo = RCTLinking;
		};
		832341B41AAA6A8300B99B32 /* PBXContainerItemProxy */ = {
			isa = PBXContainerItemProxy;
			containerPortal = 832341B01AAA6A8300B99B32 /* RCTText.xcodeproj */;
			proxyType = 2;
			remoteGlobalIDString = 58B5119B1A9E6C1200147676;
			remoteInfo = RCTText;
		};
		E404044C232254650078B5A9 /* PBXContainerItemProxy */ = {
			isa = PBXContainerItemProxy;
			containerPortal = E4040416232254650078B5A9 /* RNReactNativeDocViewer.xcodeproj */;
			proxyType = 2;
			remoteGlobalIDString = 134814201AA4EA6300B7C361;
			remoteInfo = RNReactNativeDocViewer;
		};
		E4085DED2253593200DB88B0 /* PBXContainerItemProxy */ = {
			isa = PBXContainerItemProxy;
			containerPortal = E4085DE92253593100DB88B0 /* RNGeocoder.xcodeproj */;
			proxyType = 2;
			remoteGlobalIDString = BF8FCF941BFFB184000FCD37;
			remoteInfo = RNGeocoder;
		};
		E409F9E322AA73D100C7349B /* PBXContainerItemProxy */ = {
			isa = PBXContainerItemProxy;
			containerPortal = E409F9DE22AA73D100C7349B /* RNTextInputMask.xcodeproj */;
			proxyType = 2;
			remoteGlobalIDString = 00278A001F2F25CE0023E794;
			remoteInfo = RNTextInputMask;
		};
		E4337D5122F044FC0096D7B9 /* PBXContainerItemProxy */ = {
			isa = PBXContainerItemProxy;
			containerPortal = E4337D4A22F044FC0096D7B9 /* imageCropPicker.xcodeproj */;
			proxyType = 2;
			remoteGlobalIDString = 3400A8081CEB54A6008A0BC7;
			remoteInfo = imageCropPicker;
		};
		E440A18C2253A23300C71502 /* PBXContainerItemProxy */ = {
			isa = PBXContainerItemProxy;
			containerPortal = E440A1882253A23200C71502 /* RNCAsyncStorage.xcodeproj */;
			proxyType = 2;
			remoteGlobalIDString = 134814201AA4EA6300B7C361;
			remoteInfo = RNCAsyncStorage;
		};
		E441FB49224D757500AD4794 /* PBXContainerItemProxy */ = {
			isa = PBXContainerItemProxy;
			containerPortal = 146833FF1AC3E56700842450 /* React.xcodeproj */;
			proxyType = 2;
			remoteGlobalIDString = EDEBC6D6214B3E7000DD5AC8;
			remoteInfo = jsi;
		};
		E441FB4B224D757500AD4794 /* PBXContainerItemProxy */ = {
			isa = PBXContainerItemProxy;
			containerPortal = 146833FF1AC3E56700842450 /* React.xcodeproj */;
			proxyType = 2;
			remoteGlobalIDString = EDEBC73B214B45A300DD5AC8;
			remoteInfo = jsiexecutor;
		};
		E441FB4D224D757500AD4794 /* PBXContainerItemProxy */ = {
			isa = PBXContainerItemProxy;
			containerPortal = 146833FF1AC3E56700842450 /* React.xcodeproj */;
			proxyType = 2;
			remoteGlobalIDString = ED296FB6214C9A0900B7C4FE;
			remoteInfo = "jsi-tvOS";
		};
		E441FB4F224D757500AD4794 /* PBXContainerItemProxy */ = {
			isa = PBXContainerItemProxy;
			containerPortal = 146833FF1AC3E56700842450 /* React.xcodeproj */;
			proxyType = 2;
			remoteGlobalIDString = ED296FEE214C9CF800B7C4FE;
			remoteInfo = "jsiexecutor-tvOS";
		};
		E441FBDF224D79BF00AD4794 /* PBXContainerItemProxy */ = {
			isa = PBXContainerItemProxy;
			containerPortal = 87516380112646FD8AFF938A /* RNFirebase.xcodeproj */;
			proxyType = 2;
			remoteGlobalIDString = 134814201AA4EA6300B7C361;
			remoteInfo = RNFirebase;
		};
		E441FC92224D802900AD4794 /* PBXContainerItemProxy */ = {
			isa = PBXContainerItemProxy;
			containerPortal = E441FC8E224D802900AD4794 /* RNCardIO.xcodeproj */;
			proxyType = 2;
			remoteGlobalIDString = 134814201AA4EA6300B7C361;
			remoteInfo = RNCardIO;
		};
		E45FE931229D1EFD00ADF404 /* PBXContainerItemProxy */ = {
			isa = PBXContainerItemProxy;
			containerPortal = E45FE929229D1EFD00ADF404 /* RCTCameraRoll.xcodeproj */;
			proxyType = 2;
			remoteGlobalIDString = 58B5115D1A9E6B3D00147676;
			remoteInfo = RCTCameraRoll;
		};
		E482BD87232188DE00EFAB85 /* PBXContainerItemProxy */ = {
			isa = PBXContainerItemProxy;
			containerPortal = E482BD55232188DE00EFAB85 /* RNFileViewer.xcodeproj */;
			proxyType = 2;
			remoteGlobalIDString = 134814201AA4EA6300B7C361;
			remoteInfo = RNFileViewer;
		};
		E49CE3BC22A7B7EF006F89BF /* PBXContainerItemProxy */ = {
			isa = PBXContainerItemProxy;
			containerPortal = E49CE38922A7B7EF006F89BF /* RNSmtpMailer.xcodeproj */;
			proxyType = 2;
			remoteGlobalIDString = 134814201AA4EA6300B7C361;
			remoteInfo = RNSmtpMailer;
		};
		E4FD0B9122EB1355007270E6 /* PBXContainerItemProxy */ = {
			isa = PBXContainerItemProxy;
			containerPortal = E4FD0B6222EB1354007270E6 /* RNDocumentPicker.xcodeproj */;
			proxyType = 2;
			remoteGlobalIDString = E01DD9DB1D2311A600C39062;
			remoteInfo = RNDocumentPicker;
		};
		E4FDAD5D225227570009912A /* PBXContainerItemProxy */ = {
			isa = PBXContainerItemProxy;
			containerPortal = E4FDAD49225227570009912A /* RCTVideo.xcodeproj */;
			proxyType = 2;
			remoteGlobalIDString = 134814201AA4EA6300B7C361;
			remoteInfo = RCTVideo;
		};
		E4FDAD5F225227570009912A /* PBXContainerItemProxy */ = {
			isa = PBXContainerItemProxy;
			containerPortal = E4FDAD49225227570009912A /* RCTVideo.xcodeproj */;
			proxyType = 2;
			remoteGlobalIDString = 641E28441F0EEC8500443AF6;
			remoteInfo = "RCTVideo-tvOS";
		};
		E4FDAD9822522DCE0009912A /* PBXContainerItemProxy */ = {
			isa = PBXContainerItemProxy;
			containerPortal = E4FDAD9422522DCD0009912A /* AirMaps.xcodeproj */;
			proxyType = 2;
			remoteGlobalIDString = 11FA5C511C4A1296003AC2EE;
			remoteInfo = AirMaps;
		};
		E4FDAD9F22522EAB0009912A /* PBXContainerItemProxy */ = {
			isa = PBXContainerItemProxy;
			containerPortal = E4FDAD9B22522EAB0009912A /* ReactNativePermissions.xcodeproj */;
			proxyType = 2;
			remoteGlobalIDString = 9D23B34F1C767B80008B4819;
			remoteInfo = ReactNativePermissions;
		};
		E4FDADA622522F900009912A /* PBXContainerItemProxy */ = {
			isa = PBXContainerItemProxy;
			containerPortal = E4FDADA222522F900009912A /* RNImagePicker.xcodeproj */;
			proxyType = 2;
			remoteGlobalIDString = 014A3B5C1C6CF33500B6D375;
			remoteInfo = RNImagePicker;
		};
		E4FDADAD22522FFD0009912A /* PBXContainerItemProxy */ = {
			isa = PBXContainerItemProxy;
			containerPortal = E4FDADA922522FFC0009912A /* RCTImageResizer.xcodeproj */;
			proxyType = 2;
			remoteGlobalIDString = 5D72D2E81C16249000E22EC1;
			remoteInfo = RCTImageResizer;
		};
		E4FDAE2722525ED20009912A /* PBXContainerItemProxy */ = {
			isa = PBXContainerItemProxy;
			containerPortal = E4FDADFA22525ED10009912A /* RNFetchBlob.xcodeproj */;
			proxyType = 2;
			remoteGlobalIDString = A15C300E1CD25C330074CB35;
			remoteInfo = RNFetchBlob;
		};
		F63DF5F422803510009398CA /* PBXContainerItemProxy */ = {
			isa = PBXContainerItemProxy;
			containerPortal = F63DF5C022803510009398CA /* RNVersionNumber.xcodeproj */;
			proxyType = 2;
			remoteGlobalIDString = 134814201AA4EA6300B7C361;
			remoteInfo = RNVersionNumber;
		};
		F63DF5F622803510009398CA /* PBXContainerItemProxy */ = {
			isa = PBXContainerItemProxy;
			containerPortal = F63DF5C022803510009398CA /* RNVersionNumber.xcodeproj */;
			proxyType = 2;
			remoteGlobalIDString = 2858ECD01F8B91B400610575;
			remoteInfo = "RNVersionNumber-tvOS";
		};
/* End PBXContainerItemProxy section */

/* Begin PBXCopyFilesBuildPhase section */
		E409F92422AA702700C7349B /* Embed Frameworks */ = {
			isa = PBXCopyFilesBuildPhase;
			buildActionMask = 2147483647;
			dstPath = "";
			dstSubfolderSpec = 10;
			files = (
				E409F9E722AA73E300C7349B /* InputMask.framework in Embed Frameworks */,
				E4337DDE22F04FAC0096D7B9 /* RSKImageCropper.framework in Embed Frameworks */,
				E4337DE122F04FBF0096D7B9 /* QBImagePicker.framework in Embed Frameworks */,
			);
			name = "Embed Frameworks";
			runOnlyForDeploymentPostprocessing = 0;
		};
/* End PBXCopyFilesBuildPhase section */

/* Begin PBXFileReference section */
		008F07F21AC5B25A0029DE68 /* main.jsbundle */ = {isa = PBXFileReference; fileEncoding = 4; lastKnownFileType = text; path = main.jsbundle; sourceTree = "<group>"; };
		00C302A71ABCB8CE00DB3ED1 /* RCTActionSheet.xcodeproj */ = {isa = PBXFileReference; lastKnownFileType = "wrapper.pb-project"; name = RCTActionSheet.xcodeproj; path = "../node_modules/react-native/Libraries/ActionSheetIOS/RCTActionSheet.xcodeproj"; sourceTree = "<group>"; };
		00C302B51ABCB90400DB3ED1 /* RCTGeolocation.xcodeproj */ = {isa = PBXFileReference; lastKnownFileType = "wrapper.pb-project"; name = RCTGeolocation.xcodeproj; path = "../node_modules/react-native/Libraries/Geolocation/RCTGeolocation.xcodeproj"; sourceTree = "<group>"; };
		00C302BB1ABCB91800DB3ED1 /* RCTImage.xcodeproj */ = {isa = PBXFileReference; lastKnownFileType = "wrapper.pb-project"; name = RCTImage.xcodeproj; path = "../node_modules/react-native/Libraries/Image/RCTImage.xcodeproj"; sourceTree = "<group>"; };
		00C302D31ABCB9D200DB3ED1 /* RCTNetwork.xcodeproj */ = {isa = PBXFileReference; lastKnownFileType = "wrapper.pb-project"; name = RCTNetwork.xcodeproj; path = "../node_modules/react-native/Libraries/Network/RCTNetwork.xcodeproj"; sourceTree = "<group>"; };
		00C302DF1ABCB9EE00DB3ED1 /* RCTVibration.xcodeproj */ = {isa = PBXFileReference; lastKnownFileType = "wrapper.pb-project"; name = RCTVibration.xcodeproj; path = "../node_modules/react-native/Libraries/Vibration/RCTVibration.xcodeproj"; sourceTree = "<group>"; };
		00E356F11AD99517003FC87E /* Info.plist */ = {isa = PBXFileReference; lastKnownFileType = text.plist.xml; path = Info.plist; sourceTree = "<group>"; };
		00E356F21AD99517003FC87E /* selftapeTests.m */ = {isa = PBXFileReference; lastKnownFileType = sourcecode.c.objc; path = selftapeTests.m; sourceTree = "<group>"; };
		139105B61AF99BAD00B5F7CC /* RCTSettings.xcodeproj */ = {isa = PBXFileReference; lastKnownFileType = "wrapper.pb-project"; name = RCTSettings.xcodeproj; path = "../node_modules/react-native/Libraries/Settings/RCTSettings.xcodeproj"; sourceTree = "<group>"; };
		139FDEE61B06529A00C62182 /* RCTWebSocket.xcodeproj */ = {isa = PBXFileReference; lastKnownFileType = "wrapper.pb-project"; name = RCTWebSocket.xcodeproj; path = "../node_modules/react-native/Libraries/WebSocket/RCTWebSocket.xcodeproj"; sourceTree = "<group>"; };
		13B07F961A680F5B00A75B9A /* selftape.app */ = {isa = PBXFileReference; explicitFileType = wrapper.application; includeInIndex = 0; path = selftape.app; sourceTree = BUILT_PRODUCTS_DIR; };
		13B07FAF1A68108700A75B9A /* AppDelegate.h */ = {isa = PBXFileReference; fileEncoding = 4; lastKnownFileType = sourcecode.c.h; name = AppDelegate.h; path = selftape/AppDelegate.h; sourceTree = "<group>"; };
		13B07FB01A68108700A75B9A /* AppDelegate.m */ = {isa = PBXFileReference; fileEncoding = 4; lastKnownFileType = sourcecode.c.objc; name = AppDelegate.m; path = selftape/AppDelegate.m; sourceTree = "<group>"; };
		13B07FB21A68108700A75B9A /* Base */ = {isa = PBXFileReference; lastKnownFileType = file.xib; name = Base; path = Base.lproj/LaunchScreen.xib; sourceTree = "<group>"; };
		13B07FB51A68108700A75B9A /* Images.xcassets */ = {isa = PBXFileReference; lastKnownFileType = folder.assetcatalog; name = Images.xcassets; path = selftape/Images.xcassets; sourceTree = "<group>"; };
		13B07FB61A68108700A75B9A /* Info.plist */ = {isa = PBXFileReference; fileEncoding = 4; lastKnownFileType = text.plist.xml; name = Info.plist; path = selftape/Info.plist; sourceTree = "<group>"; };
		13B07FB71A68108700A75B9A /* main.m */ = {isa = PBXFileReference; fileEncoding = 4; lastKnownFileType = sourcecode.c.objc; name = main.m; path = selftape/main.m; sourceTree = "<group>"; };
		146833FF1AC3E56700842450 /* React.xcodeproj */ = {isa = PBXFileReference; lastKnownFileType = "wrapper.pb-project"; name = React.xcodeproj; path = "../node_modules/react-native/React/React.xcodeproj"; sourceTree = "<group>"; };
		25534E8F1C6C4FA38AD84CA6 /* MaterialCommunityIcons.ttf */ = {isa = PBXFileReference; explicitFileType = undefined; fileEncoding = 9; includeInIndex = 0; lastKnownFileType = unknown; name = MaterialCommunityIcons.ttf; path = "../node_modules/react-native-vector-icons/Fonts/MaterialCommunityIcons.ttf"; sourceTree = "<group>"; };
		26D3E484E2A04950B7C20FB0 /* libRNFirebase.a */ = {isa = PBXFileReference; explicitFileType = undefined; fileEncoding = 9; includeInIndex = 0; lastKnownFileType = archive.ar; path = libRNFirebase.a; sourceTree = "<group>"; };
		2D16E6891FA4F8E400B85C8A /* libReact.a */ = {isa = PBXFileReference; explicitFileType = archive.ar; path = libReact.a; sourceTree = BUILT_PRODUCTS_DIR; };
		32120E31F6A04E2E98A0AAAA /* FontAwesome5_Regular.ttf */ = {isa = PBXFileReference; explicitFileType = undefined; fileEncoding = 9; includeInIndex = 0; lastKnownFileType = unknown; name = FontAwesome5_Regular.ttf; path = "../node_modules/react-native-vector-icons/Fonts/FontAwesome5_Regular.ttf"; sourceTree = "<group>"; };
		4D52E8D2FBD508BC0507C52C /* libPods-selftape.a */ = {isa = PBXFileReference; explicitFileType = archive.ar; includeInIndex = 0; path = "libPods-selftape.a"; sourceTree = BUILT_PRODUCTS_DIR; };
		5650383C7A8F483D8E386ECB /* MaterialIcons.ttf */ = {isa = PBXFileReference; explicitFileType = undefined; fileEncoding = 9; includeInIndex = 0; lastKnownFileType = unknown; name = MaterialIcons.ttf; path = "../node_modules/react-native-vector-icons/Fonts/MaterialIcons.ttf"; sourceTree = "<group>"; };
		5757DA8CB5C64118B4151FE5 /* SimpleLineIcons.ttf */ = {isa = PBXFileReference; explicitFileType = undefined; fileEncoding = 9; includeInIndex = 0; lastKnownFileType = unknown; name = SimpleLineIcons.ttf; path = "../node_modules/react-native-vector-icons/Fonts/SimpleLineIcons.ttf"; sourceTree = "<group>"; };
		5802CCEF1C844523AA488A00 /* FontAwesome5_Brands.ttf */ = {isa = PBXFileReference; explicitFileType = undefined; fileEncoding = 9; includeInIndex = 0; lastKnownFileType = unknown; name = FontAwesome5_Brands.ttf; path = "../node_modules/react-native-vector-icons/Fonts/FontAwesome5_Brands.ttf"; sourceTree = "<group>"; };
		5E91572D1DD0AC6500FF2AA8 /* RCTAnimation.xcodeproj */ = {isa = PBXFileReference; lastKnownFileType = "wrapper.pb-project"; name = RCTAnimation.xcodeproj; path = "../node_modules/react-native/Libraries/NativeAnimation/RCTAnimation.xcodeproj"; sourceTree = "<group>"; };
		683603DBD6DA4775B5EB72FF /* FontAwesome5_Solid.ttf */ = {isa = PBXFileReference; explicitFileType = undefined; fileEncoding = 9; includeInIndex = 0; lastKnownFileType = unknown; name = FontAwesome5_Solid.ttf; path = "../node_modules/react-native-vector-icons/Fonts/FontAwesome5_Solid.ttf"; sourceTree = "<group>"; };
		6D1060207EBE47D6A7C6CF8C /* Octicons.ttf */ = {isa = PBXFileReference; explicitFileType = undefined; fileEncoding = 9; includeInIndex = 0; lastKnownFileType = unknown; name = Octicons.ttf; path = "../node_modules/react-native-vector-icons/Fonts/Octicons.ttf"; sourceTree = "<group>"; };
		78C398B01ACF4ADC00677621 /* RCTLinking.xcodeproj */ = {isa = PBXFileReference; lastKnownFileType = "wrapper.pb-project"; name = RCTLinking.xcodeproj; path = "../node_modules/react-native/Libraries/LinkingIOS/RCTLinking.xcodeproj"; sourceTree = "<group>"; };
		832341B01AAA6A8300B99B32 /* RCTText.xcodeproj */ = {isa = PBXFileReference; lastKnownFileType = "wrapper.pb-project"; name = RCTText.xcodeproj; path = "../node_modules/react-native/Libraries/Text/RCTText.xcodeproj"; sourceTree = "<group>"; };
		87516380112646FD8AFF938A /* RNFirebase.xcodeproj */ = {isa = PBXFileReference; explicitFileType = undefined; fileEncoding = 9; includeInIndex = 0; lastKnownFileType = "wrapper.pb-project"; name = RNFirebase.xcodeproj; path = "../node_modules/react-native-firebase/ios/RNFirebase.xcodeproj"; sourceTree = "<group>"; };
		9331D1B33351475DBAF90F7B /* InputMask.framework */ = {isa = PBXFileReference; explicitFileType = undefined; fileEncoding = 9; includeInIndex = 0; lastKnownFileType = wrapper.framework; name = InputMask.framework; path = System/Library/Frameworks/InputMask.framework; sourceTree = SDKROOT; };
		95E9A4A6E3BB470786FC9AF5 /* Entypo.ttf */ = {isa = PBXFileReference; explicitFileType = undefined; fileEncoding = 9; includeInIndex = 0; lastKnownFileType = unknown; name = Entypo.ttf; path = "../node_modules/react-native-vector-icons/Fonts/Entypo.ttf"; sourceTree = "<group>"; };
		982CCD66B81846A586F58A8D /* FontAwesome.ttf */ = {isa = PBXFileReference; explicitFileType = undefined; fileEncoding = 9; includeInIndex = 0; lastKnownFileType = unknown; name = FontAwesome.ttf; path = "../node_modules/react-native-vector-icons/Fonts/FontAwesome.ttf"; sourceTree = "<group>"; };
		9F5044F24FFBA062B2DB03D3 /* Pods-selftape.debug.xcconfig */ = {isa = PBXFileReference; includeInIndex = 1; lastKnownFileType = text.xcconfig; name = "Pods-selftape.debug.xcconfig"; path = "Target Support Files/Pods-selftape/Pods-selftape.debug.xcconfig"; sourceTree = "<group>"; };
		A23B404FEA474C4E8660FE6C /* Feather.ttf */ = {isa = PBXFileReference; explicitFileType = undefined; fileEncoding = 9; includeInIndex = 0; lastKnownFileType = unknown; name = Feather.ttf; path = "../node_modules/react-native-vector-icons/Fonts/Feather.ttf"; sourceTree = "<group>"; };
		A445088E0D7540858EBA261B /* EvilIcons.ttf */ = {isa = PBXFileReference; explicitFileType = undefined; fileEncoding = 9; includeInIndex = 0; lastKnownFileType = unknown; name = EvilIcons.ttf; path = "../node_modules/react-native-vector-icons/Fonts/EvilIcons.ttf"; sourceTree = "<group>"; };
		C94F010CD0F8404DABCBFDA2 /* Ionicons.ttf */ = {isa = PBXFileReference; explicitFileType = undefined; fileEncoding = 9; includeInIndex = 0; lastKnownFileType = unknown; name = Ionicons.ttf; path = "../node_modules/react-native-vector-icons/Fonts/Ionicons.ttf"; sourceTree = "<group>"; };
		CECD377102D64D5C86E64926 /* InputMaskTests.xctest */ = {isa = PBXFileReference; explicitFileType = undefined; fileEncoding = 9; includeInIndex = 0; lastKnownFileType = wrapper.cfbundle; path = InputMaskTests.xctest; sourceTree = "<group>"; };
		E4040416232254650078B5A9 /* RNReactNativeDocViewer.xcodeproj */ = {isa = PBXFileReference; lastKnownFileType = "wrapper.pb-project"; name = RNReactNativeDocViewer.xcodeproj; path = "../node_modules/react-native-doc-viewer/ios/RNReactNativeDocViewer.xcodeproj"; sourceTree = "<group>"; };
		E4040453232254C70078B5A9 /* AssetsLibrary.framework */ = {isa = PBXFileReference; lastKnownFileType = wrapper.framework; name = AssetsLibrary.framework; path = System/Library/Frameworks/AssetsLibrary.framework; sourceTree = SDKROOT; };
		E4040455232254D70078B5A9 /* QuickLook.framework */ = {isa = PBXFileReference; lastKnownFileType = wrapper.framework; name = QuickLook.framework; path = System/Library/Frameworks/QuickLook.framework; sourceTree = SDKROOT; };
		E4085DE92253593100DB88B0 /* RNGeocoder.xcodeproj */ = {isa = PBXFileReference; lastKnownFileType = "wrapper.pb-project"; name = RNGeocoder.xcodeproj; path = "../node_modules/react-native-geocoder/ios/RNGeocoder.xcodeproj"; sourceTree = "<group>"; };
		E409F9DE22AA73D100C7349B /* RNTextInputMask.xcodeproj */ = {isa = PBXFileReference; lastKnownFileType = "wrapper.pb-project"; name = RNTextInputMask.xcodeproj; path = "../node_modules/react-native-text-input-mask/ios/RNTextInputMask/RNTextInputMask.xcodeproj"; sourceTree = "<group>"; };
		E409F9E522AA73E300C7349B /* InputMask.framework */ = {isa = PBXFileReference; explicitFileType = wrapper.framework; path = InputMask.framework; sourceTree = BUILT_PRODUCTS_DIR; };
		E4337D4A22F044FC0096D7B9 /* imageCropPicker.xcodeproj */ = {isa = PBXFileReference; lastKnownFileType = "wrapper.pb-project"; name = imageCropPicker.xcodeproj; path = "../node_modules/react-native-image-crop-picker/ios/imageCropPicker.xcodeproj"; sourceTree = "<group>"; };
		E4337DDC22F04FAC0096D7B9 /* RSKImageCropper.framework */ = {isa = PBXFileReference; explicitFileType = wrapper.framework; path = RSKImageCropper.framework; sourceTree = BUILT_PRODUCTS_DIR; };
		E4337DDF22F04FBF0096D7B9 /* QBImagePicker.framework */ = {isa = PBXFileReference; explicitFileType = wrapper.framework; path = QBImagePicker.framework; sourceTree = BUILT_PRODUCTS_DIR; };
		E440A1882253A23200C71502 /* RNCAsyncStorage.xcodeproj */ = {isa = PBXFileReference; lastKnownFileType = "wrapper.pb-project"; name = RNCAsyncStorage.xcodeproj; path = "../node_modules/@react-native-community/async-storage/ios/RNCAsyncStorage.xcodeproj"; sourceTree = "<group>"; };
		E441FB23224D757500AD4794 /* GoogleService-Info.plist */ = {isa = PBXFileReference; fileEncoding = 4; lastKnownFileType = text.plist.xml; name = "GoogleService-Info.plist"; path = "selftape/GoogleService-Info.plist"; sourceTree = "<group>"; };
		E441FB6A224D765600AD4794 /* libFirebaseCore.a */ = {isa = PBXFileReference; explicitFileType = archive.ar; path = libFirebaseCore.a; sourceTree = BUILT_PRODUCTS_DIR; };
		E441FC8E224D802900AD4794 /* RNCardIO.xcodeproj */ = {isa = PBXFileReference; lastKnownFileType = "wrapper.pb-project"; name = RNCardIO.xcodeproj; path = "../node_modules/react-native-awesome-card-io/ios/RNCardIO.xcodeproj"; sourceTree = "<group>"; };
		E441FCA5224D812900AD4794 /* Avenir-Light.ttf */ = {isa = PBXFileReference; lastKnownFileType = file; path = "Avenir-Light.ttf"; sourceTree = "<group>"; };
		E441FCA6224D812900AD4794 /* SukhumvitSet-Bold.ttf */ = {isa = PBXFileReference; lastKnownFileType = file; path = "SukhumvitSet-Bold.ttf"; sourceTree = "<group>"; };
		E441FCA7224D812900AD4794 /* OCR-A-Regular.ttf */ = {isa = PBXFileReference; lastKnownFileType = file; path = "OCR-A-Regular.ttf"; sourceTree = "<group>"; };
		E441FCA8224D812900AD4794 /* Abril-Fatface.ttf */ = {isa = PBXFileReference; lastKnownFileType = file; path = "Abril-Fatface.ttf"; sourceTree = "<group>"; };
		E441FCA9224D812900AD4794 /* Helvetica-Light.ttf */ = {isa = PBXFileReference; lastKnownFileType = file; path = "Helvetica-Light.ttf"; sourceTree = "<group>"; };
		E441FCAA224D812900AD4794 /* Baskerville-Italic.ttf */ = {isa = PBXFileReference; lastKnownFileType = file; path = "Baskerville-Italic.ttf"; sourceTree = "<group>"; };
		E441FCAB224D812900AD4794 /* ER-Bukinist-Mac-Bold.ttf */ = {isa = PBXFileReference; lastKnownFileType = file; path = "ER-Bukinist-Mac-Bold.ttf"; sourceTree = "<group>"; };
		E45FE929229D1EFD00ADF404 /* RCTCameraRoll.xcodeproj */ = {isa = PBXFileReference; lastKnownFileType = "wrapper.pb-project"; name = RCTCameraRoll.xcodeproj; path = "../node_modules/react-native/Libraries/CameraRoll/RCTCameraRoll.xcodeproj"; sourceTree = "<group>"; };
		E482BD55232188DE00EFAB85 /* RNFileViewer.xcodeproj */ = {isa = PBXFileReference; lastKnownFileType = "wrapper.pb-project"; name = RNFileViewer.xcodeproj; path = "../node_modules/react-native-file-viewer/ios/RNFileViewer.xcodeproj"; sourceTree = "<group>"; };
		E49CE38922A7B7EF006F89BF /* RNSmtpMailer.xcodeproj */ = {isa = PBXFileReference; lastKnownFileType = "wrapper.pb-project"; name = RNSmtpMailer.xcodeproj; path = "../node_modules/react-native-smtp-mailer/ios/RNSmtpMailer.xcodeproj"; sourceTree = "<group>"; };
		E4FD0B6222EB1354007270E6 /* RNDocumentPicker.xcodeproj */ = {isa = PBXFileReference; lastKnownFileType = "wrapper.pb-project"; name = RNDocumentPicker.xcodeproj; path = "../node_modules/react-native-document-picker/ios/RNDocumentPicker.xcodeproj"; sourceTree = "<group>"; };
		E4FDAD49225227570009912A /* RCTVideo.xcodeproj */ = {isa = PBXFileReference; lastKnownFileType = "wrapper.pb-project"; name = RCTVideo.xcodeproj; path = "../node_modules/react-native-video/ios/RCTVideo.xcodeproj"; sourceTree = "<group>"; };
		E4FDAD7A225227FD0009912A /* selftape.entitlements */ = {isa = PBXFileReference; lastKnownFileType = text.plist.entitlements; name = selftape.entitlements; path = selftape/selftape.entitlements; sourceTree = "<group>"; };
		E4FDAD9422522DCD0009912A /* AirMaps.xcodeproj */ = {isa = PBXFileReference; lastKnownFileType = "wrapper.pb-project"; name = AirMaps.xcodeproj; path = "../node_modules/react-native-maps/lib/ios/AirMaps.xcodeproj"; sourceTree = "<group>"; };
		E4FDAD9B22522EAB0009912A /* ReactNativePermissions.xcodeproj */ = {isa = PBXFileReference; lastKnownFileType = "wrapper.pb-project"; name = ReactNativePermissions.xcodeproj; path = "../node_modules/react-native-permissions/ios/ReactNativePermissions.xcodeproj"; sourceTree = "<group>"; };
		E4FDADA222522F900009912A /* RNImagePicker.xcodeproj */ = {isa = PBXFileReference; lastKnownFileType = "wrapper.pb-project"; name = RNImagePicker.xcodeproj; path = "../node_modules/react-native-image-picker/ios/RNImagePicker.xcodeproj"; sourceTree = "<group>"; };
		E4FDADA922522FFC0009912A /* RCTImageResizer.xcodeproj */ = {isa = PBXFileReference; lastKnownFileType = "wrapper.pb-project"; name = RCTImageResizer.xcodeproj; path = "../node_modules/react-native-image-resizer/ios/RCTImageResizer.xcodeproj"; sourceTree = "<group>"; };
		E4FDADFA22525ED10009912A /* RNFetchBlob.xcodeproj */ = {isa = PBXFileReference; lastKnownFileType = "wrapper.pb-project"; name = RNFetchBlob.xcodeproj; path = "../node_modules/rn-fetch-blob/ios/RNFetchBlob.xcodeproj"; sourceTree = "<group>"; };
		ED297162215061F000B7C4FE /* JavaScriptCore.framework */ = {isa = PBXFileReference; lastKnownFileType = wrapper.framework; name = JavaScriptCore.framework; path = System/Library/Frameworks/JavaScriptCore.framework; sourceTree = SDKROOT; };
		ED2971642150620600B7C4FE /* JavaScriptCore.framework */ = {isa = PBXFileReference; lastKnownFileType = wrapper.framework; name = JavaScriptCore.framework; path = Platforms/AppleTVOS.platform/Developer/SDKs/AppleTVOS12.0.sdk/System/Library/Frameworks/JavaScriptCore.framework; sourceTree = DEVELOPER_DIR; };
		F63DF5C022803510009398CA /* RNVersionNumber.xcodeproj */ = {isa = PBXFileReference; lastKnownFileType = "wrapper.pb-project"; name = RNVersionNumber.xcodeproj; path = "../node_modules/react-native-version-number/ios/RNVersionNumber.xcodeproj"; sourceTree = "<group>"; };
		F6FA44337DF5431AA2D6BCAF /* AntDesign.ttf */ = {isa = PBXFileReference; explicitFileType = undefined; fileEncoding = 9; includeInIndex = 0; lastKnownFileType = unknown; name = AntDesign.ttf; path = "../node_modules/react-native-vector-icons/Fonts/AntDesign.ttf"; sourceTree = "<group>"; };
		FD06A37512CD4223A65C2526 /* Foundation.ttf */ = {isa = PBXFileReference; explicitFileType = undefined; fileEncoding = 9; includeInIndex = 0; lastKnownFileType = unknown; name = Foundation.ttf; path = "../node_modules/react-native-vector-icons/Fonts/Foundation.ttf"; sourceTree = "<group>"; };
		FDCADC2877EE4AA4968968AA /* Zocial.ttf */ = {isa = PBXFileReference; explicitFileType = undefined; fileEncoding = 9; includeInIndex = 0; lastKnownFileType = unknown; name = Zocial.ttf; path = "../node_modules/react-native-vector-icons/Fonts/Zocial.ttf"; sourceTree = "<group>"; };
		FEA80D9BFE3747F3584F8F3C /* Pods-selftape.release.xcconfig */ = {isa = PBXFileReference; includeInIndex = 1; lastKnownFileType = text.xcconfig; name = "Pods-selftape.release.xcconfig"; path = "Target Support Files/Pods-selftape/Pods-selftape.release.xcconfig"; sourceTree = "<group>"; };
/* End PBXFileReference section */

/* Begin PBXFrameworksBuildPhase section */
		13B07F8C1A680F5B00A75B9A /* Frameworks */ = {
			isa = PBXFrameworksBuildPhase;
			buildActionMask = 2147483647;
			files = (
				E4040456232254D80078B5A9 /* QuickLook.framework in Frameworks */,
				E4040454232254C70078B5A9 /* AssetsLibrary.framework in Frameworks */,
				E4040452232254A60078B5A9 /* libRNReactNativeDocViewer.a in Frameworks */,
				E482BD90232188F500EFAB85 /* libRNFileViewer.a in Frameworks */,
				E4337D8622F045090096D7B9 /* libimageCropPicker.a in Frameworks */,
				E4FD0B9B22EB135E007270E6 /* libRNDocumentPicker.a in Frameworks */,
				E409F9E822AA73EB00C7349B /* libRNTextInputMask.a in Frameworks */,
				E49CE3C122A7B802006F89BF /* libRNSmtpMailer.a in Frameworks */,
				E4337DDD22F04FAC0096D7B9 /* RSKImageCropper.framework in Frameworks */,
				832341BD1AAA6AB300B99B32 /* libRCTText.a in Frameworks */,
				E45FE960229D1F0400ADF404 /* libRCTCameraRoll.a in Frameworks */,
				E4337DE022F04FBF0096D7B9 /* QBImagePicker.framework in Frameworks */,
				F63DF5F82280354E009398CA /* libRNVersionNumber.a in Frameworks */,
				E440A18E2253A23800C71502 /* libRNCAsyncStorage.a in Frameworks */,
				E4085DEF2253593C00DB88B0 /* libRNGeocoder.a in Frameworks */,
				E4085DB622533E3100DB88B0 /* libRNFetchBlob.a in Frameworks */,
				E4FDADAF225230040009912A /* libRCTImageResizer.a in Frameworks */,
				E4FDADA822522F990009912A /* libRNImagePicker.a in Frameworks */,
				E4FDADA122522EB30009912A /* libReactNativePermissions.a in Frameworks */,
				E4FDAD9A22522DD70009912A /* libAirMaps.a in Frameworks */,
				E409F9E622AA73E300C7349B /* InputMask.framework in Frameworks */,
				E4FDAD79225227710009912A /* libRCTVideo.a in Frameworks */,
				E441FC94224D803200AD4794 /* libRNCardIO.a in Frameworks */,
				ED297163215061F000B7C4FE /* JavaScriptCore.framework in Frameworks */,
				11D1A2F320CAFA9E000508D9 /* libRCTAnimation.a in Frameworks */,
				146834051AC3E58100842450 /* libReact.a in Frameworks */,
				00C302E51ABCBA2D00DB3ED1 /* libRCTActionSheet.a in Frameworks */,
				00C302E71ABCBA2D00DB3ED1 /* libRCTGeolocation.a in Frameworks */,
				00C302E81ABCBA2D00DB3ED1 /* libRCTImage.a in Frameworks */,
				133E29F31AD74F7200F7D852 /* libRCTLinking.a in Frameworks */,
				00C302E91ABCBA2D00DB3ED1 /* libRCTNetwork.a in Frameworks */,
				139105C61AF99C1200B5F7CC /* libRCTSettings.a in Frameworks */,
				00C302EA1ABCBA2D00DB3ED1 /* libRCTVibration.a in Frameworks */,
				139FDEF61B0652A700C62182 /* libRCTWebSocket.a in Frameworks */,
				202FE7E5A4B3459DAB2C95EE /* libRNFirebase.a in Frameworks */,
				3650A2A87E28175928EA100D /* libPods-selftape.a in Frameworks */,
			);
			runOnlyForDeploymentPostprocessing = 0;
		};
/* End PBXFrameworksBuildPhase section */

/* Begin PBXGroup section */
		00C302A81ABCB8CE00DB3ED1 /* Products */ = {
			isa = PBXGroup;
			children = (
				00C302AC1ABCB8CE00DB3ED1 /* libRCTActionSheet.a */,
			);
			name = Products;
			sourceTree = "<group>";
		};
		00C302B61ABCB90400DB3ED1 /* Products */ = {
			isa = PBXGroup;
			children = (
				00C302BA1ABCB90400DB3ED1 /* libRCTGeolocation.a */,
			);
			name = Products;
			sourceTree = "<group>";
		};
		00C302BC1ABCB91800DB3ED1 /* Products */ = {
			isa = PBXGroup;
			children = (
				00C302C01ABCB91800DB3ED1 /* libRCTImage.a */,
				3DAD3E841DF850E9000B6D8A /* libRCTImage-tvOS.a */,
			);
			name = Products;
			sourceTree = "<group>";
		};
		00C302D41ABCB9D200DB3ED1 /* Products */ = {
			isa = PBXGroup;
			children = (
				00C302DC1ABCB9D200DB3ED1 /* libRCTNetwork.a */,
				3DAD3E8C1DF850E9000B6D8A /* libRCTNetwork-tvOS.a */,
			);
			name = Products;
			sourceTree = "<group>";
		};
		00C302E01ABCB9EE00DB3ED1 /* Products */ = {
			isa = PBXGroup;
			children = (
				00C302E41ABCB9EE00DB3ED1 /* libRCTVibration.a */,
			);
			name = Products;
			sourceTree = "<group>";
		};
		00E356EF1AD99517003FC87E /* selftapeTests */ = {
			isa = PBXGroup;
			children = (
				00E356F21AD99517003FC87E /* selftapeTests.m */,
				00E356F01AD99517003FC87E /* Supporting Files */,
			);
			path = selftapeTests;
			sourceTree = "<group>";
		};
		00E356F01AD99517003FC87E /* Supporting Files */ = {
			isa = PBXGroup;
			children = (
				00E356F11AD99517003FC87E /* Info.plist */,
			);
			name = "Supporting Files";
			sourceTree = "<group>";
		};
		139105B71AF99BAD00B5F7CC /* Products */ = {
			isa = PBXGroup;
			children = (
				139105C11AF99BAD00B5F7CC /* libRCTSettings.a */,
				3DAD3E901DF850E9000B6D8A /* libRCTSettings-tvOS.a */,
			);
			name = Products;
			sourceTree = "<group>";
		};
		139FDEE71B06529A00C62182 /* Products */ = {
			isa = PBXGroup;
			children = (
				139FDEF41B06529B00C62182 /* libRCTWebSocket.a */,
				3DAD3E991DF850E9000B6D8A /* libRCTWebSocket-tvOS.a */,
				2D16E6841FA4F8DC00B85C8A /* libfishhook.a */,
				2D16E6861FA4F8DC00B85C8A /* libfishhook-tvOS.a */,
			);
			name = Products;
			sourceTree = "<group>";
		};
		13B07FAE1A68108700A75B9A /* selftape */ = {
			isa = PBXGroup;
			children = (
				E4FDAD7A225227FD0009912A /* selftape.entitlements */,
				E441FB23224D757500AD4794 /* GoogleService-Info.plist */,
				008F07F21AC5B25A0029DE68 /* main.jsbundle */,
				13B07FAF1A68108700A75B9A /* AppDelegate.h */,
				13B07FB01A68108700A75B9A /* AppDelegate.m */,
				13B07FB51A68108700A75B9A /* Images.xcassets */,
				13B07FB61A68108700A75B9A /* Info.plist */,
				13B07FB11A68108700A75B9A /* LaunchScreen.xib */,
				13B07FB71A68108700A75B9A /* main.m */,
			);
			name = selftape;
			sourceTree = "<group>";
		};
		146834001AC3E56700842450 /* Products */ = {
			isa = PBXGroup;
			children = (
				146834041AC3E56700842450 /* libReact.a */,
				3DAD3EA31DF850E9000B6D8A /* libReact.a */,
				3DAD3EA51DF850E9000B6D8A /* libyoga.a */,
				3DAD3EA71DF850E9000B6D8A /* libyoga.a */,
				3DAD3EA91DF850E9000B6D8A /* libcxxreact.a */,
				3DAD3EAB1DF850E9000B6D8A /* libcxxreact.a */,
				2DF0FFDF2056DD460020B375 /* libjsinspector.a */,
				2DF0FFE12056DD460020B375 /* libjsinspector-tvOS.a */,
				2DF0FFE32056DD460020B375 /* libthird-party.a */,
				2DF0FFE52056DD460020B375 /* libthird-party.a */,
				2DF0FFE72056DD460020B375 /* libdouble-conversion.a */,
				2DF0FFE92056DD460020B375 /* libdouble-conversion.a */,
				E441FB4A224D757500AD4794 /* libjsi.a */,
				E441FB4C224D757500AD4794 /* libjsiexecutor.a */,
				E441FB4E224D757500AD4794 /* libjsi-tvOS.a */,
				E441FB50224D757500AD4794 /* libjsiexecutor-tvOS.a */,
			);
			name = Products;
			sourceTree = "<group>";
		};
		2D16E6871FA4F8E400B85C8A /* Frameworks */ = {
			isa = PBXGroup;
			children = (
				E4040455232254D70078B5A9 /* QuickLook.framework */,
				E4040453232254C70078B5A9 /* AssetsLibrary.framework */,
				E441FB6A224D765600AD4794 /* libFirebaseCore.a */,
				ED297162215061F000B7C4FE /* JavaScriptCore.framework */,
				ED2971642150620600B7C4FE /* JavaScriptCore.framework */,
				2D16E6891FA4F8E400B85C8A /* libReact.a */,
				4D52E8D2FBD508BC0507C52C /* libPods-selftape.a */,
			);
			name = Frameworks;
			sourceTree = "<group>";
		};
		52F1D28631E6A58463EBBBAB /* Pods */ = {
			isa = PBXGroup;
			children = (
				9F5044F24FFBA062B2DB03D3 /* Pods-selftape.debug.xcconfig */,
				FEA80D9BFE3747F3584F8F3C /* Pods-selftape.release.xcconfig */,
			);
			path = Pods;
			sourceTree = "<group>";
		};
		5E91572E1DD0AC6500FF2AA8 /* Products */ = {
			isa = PBXGroup;
			children = (
				5E9157331DD0AC6500FF2AA8 /* libRCTAnimation.a */,
				5E9157351DD0AC6500FF2AA8 /* libRCTAnimation.a */,
			);
			name = Products;
			sourceTree = "<group>";
		};
		78C398B11ACF4ADC00677621 /* Products */ = {
			isa = PBXGroup;
			children = (
				78C398B91ACF4ADC00677621 /* libRCTLinking.a */,
				3DAD3E881DF850E9000B6D8A /* libRCTLinking-tvOS.a */,
			);
			name = Products;
			sourceTree = "<group>";
		};
		832341AE1AAA6A7D00B99B32 /* Libraries */ = {
			isa = PBXGroup;
			children = (
				E4040416232254650078B5A9 /* RNReactNativeDocViewer.xcodeproj */,
				E482BD55232188DE00EFAB85 /* RNFileViewer.xcodeproj */,
				E4337D4A22F044FC0096D7B9 /* imageCropPicker.xcodeproj */,
				E4FD0B6222EB1354007270E6 /* RNDocumentPicker.xcodeproj */,
				E409F9DE22AA73D100C7349B /* RNTextInputMask.xcodeproj */,
				832341B01AAA6A8300B99B32 /* RCTText.xcodeproj */,
				E49CE38922A7B7EF006F89BF /* RNSmtpMailer.xcodeproj */,
				E45FE929229D1EFD00ADF404 /* RCTCameraRoll.xcodeproj */,
				F63DF5C022803510009398CA /* RNVersionNumber.xcodeproj */,
				E440A1882253A23200C71502 /* RNCAsyncStorage.xcodeproj */,
				E4085DE92253593100DB88B0 /* RNGeocoder.xcodeproj */,
				E4FDADFA22525ED10009912A /* RNFetchBlob.xcodeproj */,
				E4FDADA922522FFC0009912A /* RCTImageResizer.xcodeproj */,
				E4FDADA222522F900009912A /* RNImagePicker.xcodeproj */,
				E4FDAD9B22522EAB0009912A /* ReactNativePermissions.xcodeproj */,
				E4FDAD9422522DCD0009912A /* AirMaps.xcodeproj */,
				E4FDAD49225227570009912A /* RCTVideo.xcodeproj */,
				E441FC8E224D802900AD4794 /* RNCardIO.xcodeproj */,
				5E91572D1DD0AC6500FF2AA8 /* RCTAnimation.xcodeproj */,
				146833FF1AC3E56700842450 /* React.xcodeproj */,
				00C302A71ABCB8CE00DB3ED1 /* RCTActionSheet.xcodeproj */,
				00C302B51ABCB90400DB3ED1 /* RCTGeolocation.xcodeproj */,
				00C302BB1ABCB91800DB3ED1 /* RCTImage.xcodeproj */,
				78C398B01ACF4ADC00677621 /* RCTLinking.xcodeproj */,
				00C302D31ABCB9D200DB3ED1 /* RCTNetwork.xcodeproj */,
				139105B61AF99BAD00B5F7CC /* RCTSettings.xcodeproj */,
				00C302DF1ABCB9EE00DB3ED1 /* RCTVibration.xcodeproj */,
				139FDEE61B06529A00C62182 /* RCTWebSocket.xcodeproj */,
				87516380112646FD8AFF938A /* RNFirebase.xcodeproj */,
			);
			name = Libraries;
			sourceTree = "<group>";
		};
		832341B11AAA6A8300B99B32 /* Products */ = {
			isa = PBXGroup;
			children = (
				832341B51AAA6A8300B99B32 /* libRCTText.a */,
				3DAD3E941DF850E9000B6D8A /* libRCTText-tvOS.a */,
			);
			name = Products;
			sourceTree = "<group>";
		};
		83CBB9F61A601CBA00E9B192 = {
			isa = PBXGroup;
			children = (
				E4337DDF22F04FBF0096D7B9 /* QBImagePicker.framework */,
				E4337DDC22F04FAC0096D7B9 /* RSKImageCropper.framework */,
				E409F9E522AA73E300C7349B /* InputMask.framework */,
				E441FC96224D808F00AD4794 /* Fonts */,
				13B07FAE1A68108700A75B9A /* selftape */,
				832341AE1AAA6A7D00B99B32 /* Libraries */,
				00E356EF1AD99517003FC87E /* selftapeTests */,
				83CBBA001A601CBA00E9B192 /* Products */,
				2D16E6871FA4F8E400B85C8A /* Frameworks */,
				52F1D28631E6A58463EBBBAB /* Pods */,
				B0F61172DE7E4EA68C3E9488 /* Resources */,
				E441FBB6224D79BE00AD4794 /* Recovered References */,
			);
			indentWidth = 2;
			sourceTree = "<group>";
			tabWidth = 2;
			usesTabs = 0;
		};
		83CBBA001A601CBA00E9B192 /* Products */ = {
			isa = PBXGroup;
			children = (
				13B07F961A680F5B00A75B9A /* selftape.app */,
			);
			name = Products;
			sourceTree = "<group>";
		};
		B0F61172DE7E4EA68C3E9488 /* Resources */ = {
			isa = PBXGroup;
			children = (
				F6FA44337DF5431AA2D6BCAF /* AntDesign.ttf */,
				95E9A4A6E3BB470786FC9AF5 /* Entypo.ttf */,
				A445088E0D7540858EBA261B /* EvilIcons.ttf */,
				A23B404FEA474C4E8660FE6C /* Feather.ttf */,
				982CCD66B81846A586F58A8D /* FontAwesome.ttf */,
				5802CCEF1C844523AA488A00 /* FontAwesome5_Brands.ttf */,
				32120E31F6A04E2E98A0AAAA /* FontAwesome5_Regular.ttf */,
				683603DBD6DA4775B5EB72FF /* FontAwesome5_Solid.ttf */,
				FD06A37512CD4223A65C2526 /* Foundation.ttf */,
				C94F010CD0F8404DABCBFDA2 /* Ionicons.ttf */,
				25534E8F1C6C4FA38AD84CA6 /* MaterialCommunityIcons.ttf */,
				5650383C7A8F483D8E386ECB /* MaterialIcons.ttf */,
				6D1060207EBE47D6A7C6CF8C /* Octicons.ttf */,
				5757DA8CB5C64118B4151FE5 /* SimpleLineIcons.ttf */,
				FDCADC2877EE4AA4968968AA /* Zocial.ttf */,
			);
			name = Resources;
			sourceTree = "<group>";
		};
		E4040417232254650078B5A9 /* Products */ = {
			isa = PBXGroup;
			children = (
				E404044D232254650078B5A9 /* libRNReactNativeDocViewer.a */,
			);
			name = Products;
			sourceTree = "<group>";
		};
		E4085DEA2253593100DB88B0 /* Products */ = {
			isa = PBXGroup;
			children = (
				E4085DEE2253593200DB88B0 /* libRNGeocoder.a */,
			);
			name = Products;
			sourceTree = "<group>";
		};
		E409F9DF22AA73D100C7349B /* Products */ = {
			isa = PBXGroup;
			children = (
				E409F9E422AA73D100C7349B /* libRNTextInputMask.a */,
			);
			name = Products;
			sourceTree = "<group>";
		};
		E4337D4B22F044FC0096D7B9 /* Products */ = {
			isa = PBXGroup;
			children = (
				E4337D5222F044FC0096D7B9 /* libimageCropPicker.a */,
			);
			name = Products;
			sourceTree = "<group>";
		};
		E440A1892253A23200C71502 /* Products */ = {
			isa = PBXGroup;
			children = (
				E440A18D2253A23300C71502 /* libRNCAsyncStorage.a */,
			);
			name = Products;
			sourceTree = "<group>";
		};
		E441FBB6224D79BE00AD4794 /* Recovered References */ = {
			isa = PBXGroup;
			children = (
				26D3E484E2A04950B7C20FB0 /* libRNFirebase.a */,
				9331D1B33351475DBAF90F7B /* InputMask.framework */,
				CECD377102D64D5C86E64926 /* InputMaskTests.xctest */,
			);
			name = "Recovered References";
			sourceTree = "<group>";
		};
		E441FBDC224D79BF00AD4794 /* Products */ = {
			isa = PBXGroup;
			children = (
				E441FBE0224D79BF00AD4794 /* libRNFirebase.a */,
			);
			name = Products;
			sourceTree = "<group>";
		};
		E441FC8F224D802900AD4794 /* Products */ = {
			isa = PBXGroup;
			children = (
				E441FC93224D802900AD4794 /* libRNCardIO.a */,
			);
			name = Products;
			sourceTree = "<group>";
		};
		E441FC96224D808F00AD4794 /* Fonts */ = {
			isa = PBXGroup;
			children = (
				E441FCA8224D812900AD4794 /* Abril-Fatface.ttf */,
				E441FCA5224D812900AD4794 /* Avenir-Light.ttf */,
				E441FCAA224D812900AD4794 /* Baskerville-Italic.ttf */,
				E441FCAB224D812900AD4794 /* ER-Bukinist-Mac-Bold.ttf */,
				E441FCA9224D812900AD4794 /* Helvetica-Light.ttf */,
				E441FCA7224D812900AD4794 /* OCR-A-Regular.ttf */,
				E441FCA6224D812900AD4794 /* SukhumvitSet-Bold.ttf */,
			);
			path = Fonts;
			sourceTree = "<group>";
		};
		E45FE92A229D1EFD00ADF404 /* Products */ = {
			isa = PBXGroup;
			children = (
				E45FE932229D1EFD00ADF404 /* libRCTCameraRoll.a */,
			);
			name = Products;
			sourceTree = "<group>";
		};
		E482BD56232188DE00EFAB85 /* Products */ = {
			isa = PBXGroup;
			children = (
				E482BD88232188DE00EFAB85 /* libRNFileViewer.a */,
			);
			name = Products;
			sourceTree = "<group>";
		};
		E49CE38A22A7B7EF006F89BF /* Products */ = {
			isa = PBXGroup;
			children = (
				E49CE3BD22A7B7EF006F89BF /* libRNSmtpMailer.a */,
			);
			name = Products;
			sourceTree = "<group>";
		};
		E4FD0B6322EB1354007270E6 /* Products */ = {
			isa = PBXGroup;
			children = (
				E4FD0B9222EB1355007270E6 /* libRNDocumentPicker.a */,
			);
			name = Products;
			sourceTree = "<group>";
		};
		E4FDAD4A225227570009912A /* Products */ = {
			isa = PBXGroup;
			children = (
				E4FDAD5E225227570009912A /* libRCTVideo.a */,
				E4FDAD60225227570009912A /* libRCTVideo.a */,
			);
			name = Products;
			sourceTree = "<group>";
		};
		E4FDAD9522522DCD0009912A /* Products */ = {
			isa = PBXGroup;
			children = (
				E4FDAD9922522DCE0009912A /* libAirMaps.a */,
			);
			name = Products;
			sourceTree = "<group>";
		};
		E4FDAD9C22522EAB0009912A /* Products */ = {
			isa = PBXGroup;
			children = (
				E4FDADA022522EAB0009912A /* libReactNativePermissions.a */,
			);
			name = Products;
			sourceTree = "<group>";
		};
		E4FDADA322522F900009912A /* Products */ = {
			isa = PBXGroup;
			children = (
				E4FDADA722522F900009912A /* libRNImagePicker.a */,
			);
			name = Products;
			sourceTree = "<group>";
		};
		E4FDADAA22522FFC0009912A /* Products */ = {
			isa = PBXGroup;
			children = (
				E4FDADAE22522FFD0009912A /* libRCTImageResizer.a */,
			);
			name = Products;
			sourceTree = "<group>";
		};
		E4FDADFB22525ED10009912A /* Products */ = {
			isa = PBXGroup;
			children = (
				E4FDAE2822525ED20009912A /* libRNFetchBlob.a */,
			);
			name = Products;
			sourceTree = "<group>";
		};
		F63DF5C122803510009398CA /* Products */ = {
			isa = PBXGroup;
			children = (
				F63DF5F522803510009398CA /* libRNVersionNumber.a */,
				F63DF5F722803510009398CA /* libRNVersionNumber-tvOS.a */,
			);
			name = Products;
			sourceTree = "<group>";
		};
/* End PBXGroup section */

/* Begin PBXNativeTarget section */
		13B07F861A680F5B00A75B9A /* selftape */ = {
			isa = PBXNativeTarget;
			buildConfigurationList = 13B07F931A680F5B00A75B9A /* Build configuration list for PBXNativeTarget "selftape" */;
			buildPhases = (
				C3012288F7DE8533735ADE4D /* [CP] Check Pods Manifest.lock */,
				13B07F871A680F5B00A75B9A /* Sources */,
				13B07F8C1A680F5B00A75B9A /* Frameworks */,
				13B07F8E1A680F5B00A75B9A /* Resources */,
				00DD1BFF1BD5951E006B06BC /* Bundle React Native code and images */,
				E4495DE32254A52300853A5C /* ShellScript */,
				E409F92422AA702700C7349B /* Embed Frameworks */,
				E411E62F23042EDA002B2F37 /* InputMask */,
			);
			buildRules = (
			);
			dependencies = (
			);
			name = selftape;
			productName = "Hello World";
			productReference = 13B07F961A680F5B00A75B9A /* selftape.app */;
			productType = "com.apple.product-type.application";
		};
/* End PBXNativeTarget section */

/* Begin PBXProject section */
		83CBB9F71A601CBA00E9B192 /* Project object */ = {
			isa = PBXProject;
			attributes = {
				LastUpgradeCheck = 940;
				ORGANIZATIONNAME = Facebook;
				TargetAttributes = {
					13B07F861A680F5B00A75B9A = {
						DevelopmentTeam = 29F876GRSK;
						ProvisioningStyle = Automatic;
						SystemCapabilities = {
							com.apple.Push = {
								enabled = 1;
							};
							com.apple.iCloud = {
								enabled = 1;
							};
						};
					};
				};
			};
			buildConfigurationList = 83CBB9FA1A601CBA00E9B192 /* Build configuration list for PBXProject "selftape" */;
			compatibilityVersion = "Xcode 3.2";
			developmentRegion = English;
			hasScannedForEncodings = 0;
			knownRegions = (
				English,
				en,
				Base,
			);
			mainGroup = 83CBB9F61A601CBA00E9B192;
			productRefGroup = 83CBBA001A601CBA00E9B192 /* Products */;
			projectDirPath = "";
			projectReferences = (
				{
					ProductGroup = E4FDAD9522522DCD0009912A /* Products */;
					ProjectRef = E4FDAD9422522DCD0009912A /* AirMaps.xcodeproj */;
				},
				{
					ProductGroup = E4337D4B22F044FC0096D7B9 /* Products */;
					ProjectRef = E4337D4A22F044FC0096D7B9 /* imageCropPicker.xcodeproj */;
				},
				{
					ProductGroup = 00C302A81ABCB8CE00DB3ED1 /* Products */;
					ProjectRef = 00C302A71ABCB8CE00DB3ED1 /* RCTActionSheet.xcodeproj */;
				},
				{
					ProductGroup = 5E91572E1DD0AC6500FF2AA8 /* Products */;
					ProjectRef = 5E91572D1DD0AC6500FF2AA8 /* RCTAnimation.xcodeproj */;
				},
				{
					ProductGroup = E45FE92A229D1EFD00ADF404 /* Products */;
					ProjectRef = E45FE929229D1EFD00ADF404 /* RCTCameraRoll.xcodeproj */;
				},
				{
					ProductGroup = 00C302B61ABCB90400DB3ED1 /* Products */;
					ProjectRef = 00C302B51ABCB90400DB3ED1 /* RCTGeolocation.xcodeproj */;
				},
				{
					ProductGroup = 00C302BC1ABCB91800DB3ED1 /* Products */;
					ProjectRef = 00C302BB1ABCB91800DB3ED1 /* RCTImage.xcodeproj */;
				},
				{
					ProductGroup = E4FDADAA22522FFC0009912A /* Products */;
					ProjectRef = E4FDADA922522FFC0009912A /* RCTImageResizer.xcodeproj */;
				},
				{
					ProductGroup = 78C398B11ACF4ADC00677621 /* Products */;
					ProjectRef = 78C398B01ACF4ADC00677621 /* RCTLinking.xcodeproj */;
				},
				{
					ProductGroup = 00C302D41ABCB9D200DB3ED1 /* Products */;
					ProjectRef = 00C302D31ABCB9D200DB3ED1 /* RCTNetwork.xcodeproj */;
				},
				{
					ProductGroup = 139105B71AF99BAD00B5F7CC /* Products */;
					ProjectRef = 139105B61AF99BAD00B5F7CC /* RCTSettings.xcodeproj */;
				},
				{
					ProductGroup = 832341B11AAA6A8300B99B32 /* Products */;
					ProjectRef = 832341B01AAA6A8300B99B32 /* RCTText.xcodeproj */;
				},
				{
					ProductGroup = 00C302E01ABCB9EE00DB3ED1 /* Products */;
					ProjectRef = 00C302DF1ABCB9EE00DB3ED1 /* RCTVibration.xcodeproj */;
				},
				{
					ProductGroup = E4FDAD4A225227570009912A /* Products */;
					ProjectRef = E4FDAD49225227570009912A /* RCTVideo.xcodeproj */;
				},
				{
					ProductGroup = 139FDEE71B06529A00C62182 /* Products */;
					ProjectRef = 139FDEE61B06529A00C62182 /* RCTWebSocket.xcodeproj */;
				},
				{
					ProductGroup = 146834001AC3E56700842450 /* Products */;
					ProjectRef = 146833FF1AC3E56700842450 /* React.xcodeproj */;
				},
				{
					ProductGroup = E4FDAD9C22522EAB0009912A /* Products */;
					ProjectRef = E4FDAD9B22522EAB0009912A /* ReactNativePermissions.xcodeproj */;
				},
				{
					ProductGroup = E441FC8F224D802900AD4794 /* Products */;
					ProjectRef = E441FC8E224D802900AD4794 /* RNCardIO.xcodeproj */;
				},
				{
					ProductGroup = E440A1892253A23200C71502 /* Products */;
					ProjectRef = E440A1882253A23200C71502 /* RNCAsyncStorage.xcodeproj */;
				},
				{
					ProductGroup = E4FD0B6322EB1354007270E6 /* Products */;
					ProjectRef = E4FD0B6222EB1354007270E6 /* RNDocumentPicker.xcodeproj */;
				},
				{
					ProductGroup = E4FDADFB22525ED10009912A /* Products */;
					ProjectRef = E4FDADFA22525ED10009912A /* RNFetchBlob.xcodeproj */;
				},
				{
					ProductGroup = E482BD56232188DE00EFAB85 /* Products */;
					ProjectRef = E482BD55232188DE00EFAB85 /* RNFileViewer.xcodeproj */;
				},
				{
					ProductGroup = E441FBDC224D79BF00AD4794 /* Products */;
					ProjectRef = 87516380112646FD8AFF938A /* RNFirebase.xcodeproj */;
				},
				{
					ProductGroup = E4085DEA2253593100DB88B0 /* Products */;
					ProjectRef = E4085DE92253593100DB88B0 /* RNGeocoder.xcodeproj */;
				},
				{
					ProductGroup = E4FDADA322522F900009912A /* Products */;
					ProjectRef = E4FDADA222522F900009912A /* RNImagePicker.xcodeproj */;
				},
				{
					ProductGroup = E4040417232254650078B5A9 /* Products */;
					ProjectRef = E4040416232254650078B5A9 /* RNReactNativeDocViewer.xcodeproj */;
				},
				{
					ProductGroup = E49CE38A22A7B7EF006F89BF /* Products */;
					ProjectRef = E49CE38922A7B7EF006F89BF /* RNSmtpMailer.xcodeproj */;
				},
				{
					ProductGroup = E409F9DF22AA73D100C7349B /* Products */;
					ProjectRef = E409F9DE22AA73D100C7349B /* RNTextInputMask.xcodeproj */;
				},
				{
					ProductGroup = F63DF5C122803510009398CA /* Products */;
					ProjectRef = F63DF5C022803510009398CA /* RNVersionNumber.xcodeproj */;
				},
			);
			projectRoot = "";
			targets = (
				13B07F861A680F5B00A75B9A /* selftape */,
			);
		};
/* End PBXProject section */

/* Begin PBXReferenceProxy section */
		00C302AC1ABCB8CE00DB3ED1 /* libRCTActionSheet.a */ = {
			isa = PBXReferenceProxy;
			fileType = archive.ar;
			path = libRCTActionSheet.a;
			remoteRef = 00C302AB1ABCB8CE00DB3ED1 /* PBXContainerItemProxy */;
			sourceTree = BUILT_PRODUCTS_DIR;
		};
		00C302BA1ABCB90400DB3ED1 /* libRCTGeolocation.a */ = {
			isa = PBXReferenceProxy;
			fileType = archive.ar;
			path = libRCTGeolocation.a;
			remoteRef = 00C302B91ABCB90400DB3ED1 /* PBXContainerItemProxy */;
			sourceTree = BUILT_PRODUCTS_DIR;
		};
		00C302C01ABCB91800DB3ED1 /* libRCTImage.a */ = {
			isa = PBXReferenceProxy;
			fileType = archive.ar;
			path = libRCTImage.a;
			remoteRef = 00C302BF1ABCB91800DB3ED1 /* PBXContainerItemProxy */;
			sourceTree = BUILT_PRODUCTS_DIR;
		};
		00C302DC1ABCB9D200DB3ED1 /* libRCTNetwork.a */ = {
			isa = PBXReferenceProxy;
			fileType = archive.ar;
			path = libRCTNetwork.a;
			remoteRef = 00C302DB1ABCB9D200DB3ED1 /* PBXContainerItemProxy */;
			sourceTree = BUILT_PRODUCTS_DIR;
		};
		00C302E41ABCB9EE00DB3ED1 /* libRCTVibration.a */ = {
			isa = PBXReferenceProxy;
			fileType = archive.ar;
			path = libRCTVibration.a;
			remoteRef = 00C302E31ABCB9EE00DB3ED1 /* PBXContainerItemProxy */;
			sourceTree = BUILT_PRODUCTS_DIR;
		};
		139105C11AF99BAD00B5F7CC /* libRCTSettings.a */ = {
			isa = PBXReferenceProxy;
			fileType = archive.ar;
			path = libRCTSettings.a;
			remoteRef = 139105C01AF99BAD00B5F7CC /* PBXContainerItemProxy */;
			sourceTree = BUILT_PRODUCTS_DIR;
		};
		139FDEF41B06529B00C62182 /* libRCTWebSocket.a */ = {
			isa = PBXReferenceProxy;
			fileType = archive.ar;
			path = libRCTWebSocket.a;
			remoteRef = 139FDEF31B06529B00C62182 /* PBXContainerItemProxy */;
			sourceTree = BUILT_PRODUCTS_DIR;
		};
		146834041AC3E56700842450 /* libReact.a */ = {
			isa = PBXReferenceProxy;
			fileType = archive.ar;
			path = libReact.a;
			remoteRef = 146834031AC3E56700842450 /* PBXContainerItemProxy */;
			sourceTree = BUILT_PRODUCTS_DIR;
		};
		2D16E6841FA4F8DC00B85C8A /* libfishhook.a */ = {
			isa = PBXReferenceProxy;
			fileType = archive.ar;
			path = libfishhook.a;
			remoteRef = 2D16E6831FA4F8DC00B85C8A /* PBXContainerItemProxy */;
			sourceTree = BUILT_PRODUCTS_DIR;
		};
		2D16E6861FA4F8DC00B85C8A /* libfishhook-tvOS.a */ = {
			isa = PBXReferenceProxy;
			fileType = archive.ar;
			path = "libfishhook-tvOS.a";
			remoteRef = 2D16E6851FA4F8DC00B85C8A /* PBXContainerItemProxy */;
			sourceTree = BUILT_PRODUCTS_DIR;
		};
		2DF0FFDF2056DD460020B375 /* libjsinspector.a */ = {
			isa = PBXReferenceProxy;
			fileType = archive.ar;
			path = libjsinspector.a;
			remoteRef = 2DF0FFDE2056DD460020B375 /* PBXContainerItemProxy */;
			sourceTree = BUILT_PRODUCTS_DIR;
		};
		2DF0FFE12056DD460020B375 /* libjsinspector-tvOS.a */ = {
			isa = PBXReferenceProxy;
			fileType = archive.ar;
			path = "libjsinspector-tvOS.a";
			remoteRef = 2DF0FFE02056DD460020B375 /* PBXContainerItemProxy */;
			sourceTree = BUILT_PRODUCTS_DIR;
		};
		2DF0FFE32056DD460020B375 /* libthird-party.a */ = {
			isa = PBXReferenceProxy;
			fileType = archive.ar;
			path = "libthird-party.a";
			remoteRef = 2DF0FFE22056DD460020B375 /* PBXContainerItemProxy */;
			sourceTree = BUILT_PRODUCTS_DIR;
		};
		2DF0FFE52056DD460020B375 /* libthird-party.a */ = {
			isa = PBXReferenceProxy;
			fileType = archive.ar;
			path = "libthird-party.a";
			remoteRef = 2DF0FFE42056DD460020B375 /* PBXContainerItemProxy */;
			sourceTree = BUILT_PRODUCTS_DIR;
		};
		2DF0FFE72056DD460020B375 /* libdouble-conversion.a */ = {
			isa = PBXReferenceProxy;
			fileType = archive.ar;
			path = "libdouble-conversion.a";
			remoteRef = 2DF0FFE62056DD460020B375 /* PBXContainerItemProxy */;
			sourceTree = BUILT_PRODUCTS_DIR;
		};
		2DF0FFE92056DD460020B375 /* libdouble-conversion.a */ = {
			isa = PBXReferenceProxy;
			fileType = archive.ar;
			path = "libdouble-conversion.a";
			remoteRef = 2DF0FFE82056DD460020B375 /* PBXContainerItemProxy */;
			sourceTree = BUILT_PRODUCTS_DIR;
		};
		3DAD3E841DF850E9000B6D8A /* libRCTImage-tvOS.a */ = {
			isa = PBXReferenceProxy;
			fileType = archive.ar;
			path = "libRCTImage-tvOS.a";
			remoteRef = 3DAD3E831DF850E9000B6D8A /* PBXContainerItemProxy */;
			sourceTree = BUILT_PRODUCTS_DIR;
		};
		3DAD3E881DF850E9000B6D8A /* libRCTLinking-tvOS.a */ = {
			isa = PBXReferenceProxy;
			fileType = archive.ar;
			path = "libRCTLinking-tvOS.a";
			remoteRef = 3DAD3E871DF850E9000B6D8A /* PBXContainerItemProxy */;
			sourceTree = BUILT_PRODUCTS_DIR;
		};
		3DAD3E8C1DF850E9000B6D8A /* libRCTNetwork-tvOS.a */ = {
			isa = PBXReferenceProxy;
			fileType = archive.ar;
			path = "libRCTNetwork-tvOS.a";
			remoteRef = 3DAD3E8B1DF850E9000B6D8A /* PBXContainerItemProxy */;
			sourceTree = BUILT_PRODUCTS_DIR;
		};
		3DAD3E901DF850E9000B6D8A /* libRCTSettings-tvOS.a */ = {
			isa = PBXReferenceProxy;
			fileType = archive.ar;
			path = "libRCTSettings-tvOS.a";
			remoteRef = 3DAD3E8F1DF850E9000B6D8A /* PBXContainerItemProxy */;
			sourceTree = BUILT_PRODUCTS_DIR;
		};
		3DAD3E941DF850E9000B6D8A /* libRCTText-tvOS.a */ = {
			isa = PBXReferenceProxy;
			fileType = archive.ar;
			path = "libRCTText-tvOS.a";
			remoteRef = 3DAD3E931DF850E9000B6D8A /* PBXContainerItemProxy */;
			sourceTree = BUILT_PRODUCTS_DIR;
		};
		3DAD3E991DF850E9000B6D8A /* libRCTWebSocket-tvOS.a */ = {
			isa = PBXReferenceProxy;
			fileType = archive.ar;
			path = "libRCTWebSocket-tvOS.a";
			remoteRef = 3DAD3E981DF850E9000B6D8A /* PBXContainerItemProxy */;
			sourceTree = BUILT_PRODUCTS_DIR;
		};
		3DAD3EA31DF850E9000B6D8A /* libReact.a */ = {
			isa = PBXReferenceProxy;
			fileType = archive.ar;
			path = libReact.a;
			remoteRef = 3DAD3EA21DF850E9000B6D8A /* PBXContainerItemProxy */;
			sourceTree = BUILT_PRODUCTS_DIR;
		};
		3DAD3EA51DF850E9000B6D8A /* libyoga.a */ = {
			isa = PBXReferenceProxy;
			fileType = archive.ar;
			path = libyoga.a;
			remoteRef = 3DAD3EA41DF850E9000B6D8A /* PBXContainerItemProxy */;
			sourceTree = BUILT_PRODUCTS_DIR;
		};
		3DAD3EA71DF850E9000B6D8A /* libyoga.a */ = {
			isa = PBXReferenceProxy;
			fileType = archive.ar;
			path = libyoga.a;
			remoteRef = 3DAD3EA61DF850E9000B6D8A /* PBXContainerItemProxy */;
			sourceTree = BUILT_PRODUCTS_DIR;
		};
		3DAD3EA91DF850E9000B6D8A /* libcxxreact.a */ = {
			isa = PBXReferenceProxy;
			fileType = archive.ar;
			path = libcxxreact.a;
			remoteRef = 3DAD3EA81DF850E9000B6D8A /* PBXContainerItemProxy */;
			sourceTree = BUILT_PRODUCTS_DIR;
		};
		3DAD3EAB1DF850E9000B6D8A /* libcxxreact.a */ = {
			isa = PBXReferenceProxy;
			fileType = archive.ar;
			path = libcxxreact.a;
			remoteRef = 3DAD3EAA1DF850E9000B6D8A /* PBXContainerItemProxy */;
			sourceTree = BUILT_PRODUCTS_DIR;
		};
		5E9157331DD0AC6500FF2AA8 /* libRCTAnimation.a */ = {
			isa = PBXReferenceProxy;
			fileType = archive.ar;
			path = libRCTAnimation.a;
			remoteRef = 5E9157321DD0AC6500FF2AA8 /* PBXContainerItemProxy */;
			sourceTree = BUILT_PRODUCTS_DIR;
		};
		5E9157351DD0AC6500FF2AA8 /* libRCTAnimation.a */ = {
			isa = PBXReferenceProxy;
			fileType = archive.ar;
			path = libRCTAnimation.a;
			remoteRef = 5E9157341DD0AC6500FF2AA8 /* PBXContainerItemProxy */;
			sourceTree = BUILT_PRODUCTS_DIR;
		};
		78C398B91ACF4ADC00677621 /* libRCTLinking.a */ = {
			isa = PBXReferenceProxy;
			fileType = archive.ar;
			path = libRCTLinking.a;
			remoteRef = 78C398B81ACF4ADC00677621 /* PBXContainerItemProxy */;
			sourceTree = BUILT_PRODUCTS_DIR;
		};
		832341B51AAA6A8300B99B32 /* libRCTText.a */ = {
			isa = PBXReferenceProxy;
			fileType = archive.ar;
			path = libRCTText.a;
			remoteRef = 832341B41AAA6A8300B99B32 /* PBXContainerItemProxy */;
			sourceTree = BUILT_PRODUCTS_DIR;
		};
		E404044D232254650078B5A9 /* libRNReactNativeDocViewer.a */ = {
			isa = PBXReferenceProxy;
			fileType = archive.ar;
			path = libRNReactNativeDocViewer.a;
			remoteRef = E404044C232254650078B5A9 /* PBXContainerItemProxy */;
			sourceTree = BUILT_PRODUCTS_DIR;
		};
		E4085DEE2253593200DB88B0 /* libRNGeocoder.a */ = {
			isa = PBXReferenceProxy;
			fileType = archive.ar;
			path = libRNGeocoder.a;
			remoteRef = E4085DED2253593200DB88B0 /* PBXContainerItemProxy */;
			sourceTree = BUILT_PRODUCTS_DIR;
		};
		E409F9E422AA73D100C7349B /* libRNTextInputMask.a */ = {
			isa = PBXReferenceProxy;
			fileType = archive.ar;
			path = libRNTextInputMask.a;
			remoteRef = E409F9E322AA73D100C7349B /* PBXContainerItemProxy */;
			sourceTree = BUILT_PRODUCTS_DIR;
		};
		E4337D5222F044FC0096D7B9 /* libimageCropPicker.a */ = {
			isa = PBXReferenceProxy;
			fileType = archive.ar;
			path = libimageCropPicker.a;
			remoteRef = E4337D5122F044FC0096D7B9 /* PBXContainerItemProxy */;
			sourceTree = BUILT_PRODUCTS_DIR;
		};
		E440A18D2253A23300C71502 /* libRNCAsyncStorage.a */ = {
			isa = PBXReferenceProxy;
			fileType = archive.ar;
			path = libRNCAsyncStorage.a;
			remoteRef = E440A18C2253A23300C71502 /* PBXContainerItemProxy */;
			sourceTree = BUILT_PRODUCTS_DIR;
		};
		E441FB4A224D757500AD4794 /* libjsi.a */ = {
			isa = PBXReferenceProxy;
			fileType = archive.ar;
			path = libjsi.a;
			remoteRef = E441FB49224D757500AD4794 /* PBXContainerItemProxy */;
			sourceTree = BUILT_PRODUCTS_DIR;
		};
		E441FB4C224D757500AD4794 /* libjsiexecutor.a */ = {
			isa = PBXReferenceProxy;
			fileType = archive.ar;
			path = libjsiexecutor.a;
			remoteRef = E441FB4B224D757500AD4794 /* PBXContainerItemProxy */;
			sourceTree = BUILT_PRODUCTS_DIR;
		};
		E441FB4E224D757500AD4794 /* libjsi-tvOS.a */ = {
			isa = PBXReferenceProxy;
			fileType = archive.ar;
			path = "libjsi-tvOS.a";
			remoteRef = E441FB4D224D757500AD4794 /* PBXContainerItemProxy */;
			sourceTree = BUILT_PRODUCTS_DIR;
		};
		E441FB50224D757500AD4794 /* libjsiexecutor-tvOS.a */ = {
			isa = PBXReferenceProxy;
			fileType = archive.ar;
			path = "libjsiexecutor-tvOS.a";
			remoteRef = E441FB4F224D757500AD4794 /* PBXContainerItemProxy */;
			sourceTree = BUILT_PRODUCTS_DIR;
		};
		E441FBE0224D79BF00AD4794 /* libRNFirebase.a */ = {
			isa = PBXReferenceProxy;
			fileType = archive.ar;
			path = libRNFirebase.a;
			remoteRef = E441FBDF224D79BF00AD4794 /* PBXContainerItemProxy */;
			sourceTree = BUILT_PRODUCTS_DIR;
		};
		E441FC93224D802900AD4794 /* libRNCardIO.a */ = {
			isa = PBXReferenceProxy;
			fileType = archive.ar;
			path = libRNCardIO.a;
			remoteRef = E441FC92224D802900AD4794 /* PBXContainerItemProxy */;
			sourceTree = BUILT_PRODUCTS_DIR;
		};
		E45FE932229D1EFD00ADF404 /* libRCTCameraRoll.a */ = {
			isa = PBXReferenceProxy;
			fileType = archive.ar;
			path = libRCTCameraRoll.a;
			remoteRef = E45FE931229D1EFD00ADF404 /* PBXContainerItemProxy */;
			sourceTree = BUILT_PRODUCTS_DIR;
		};
		E482BD88232188DE00EFAB85 /* libRNFileViewer.a */ = {
			isa = PBXReferenceProxy;
			fileType = archive.ar;
			path = libRNFileViewer.a;
			remoteRef = E482BD87232188DE00EFAB85 /* PBXContainerItemProxy */;
			sourceTree = BUILT_PRODUCTS_DIR;
		};
		E49CE3BD22A7B7EF006F89BF /* libRNSmtpMailer.a */ = {
			isa = PBXReferenceProxy;
			fileType = archive.ar;
			path = libRNSmtpMailer.a;
			remoteRef = E49CE3BC22A7B7EF006F89BF /* PBXContainerItemProxy */;
			sourceTree = BUILT_PRODUCTS_DIR;
		};
		E4FD0B9222EB1355007270E6 /* libRNDocumentPicker.a */ = {
			isa = PBXReferenceProxy;
			fileType = archive.ar;
			path = libRNDocumentPicker.a;
			remoteRef = E4FD0B9122EB1355007270E6 /* PBXContainerItemProxy */;
			sourceTree = BUILT_PRODUCTS_DIR;
		};
		E4FDAD5E225227570009912A /* libRCTVideo.a */ = {
			isa = PBXReferenceProxy;
			fileType = archive.ar;
			path = libRCTVideo.a;
			remoteRef = E4FDAD5D225227570009912A /* PBXContainerItemProxy */;
			sourceTree = BUILT_PRODUCTS_DIR;
		};
		E4FDAD60225227570009912A /* libRCTVideo.a */ = {
			isa = PBXReferenceProxy;
			fileType = archive.ar;
			path = libRCTVideo.a;
			remoteRef = E4FDAD5F225227570009912A /* PBXContainerItemProxy */;
			sourceTree = BUILT_PRODUCTS_DIR;
		};
		E4FDAD9922522DCE0009912A /* libAirMaps.a */ = {
			isa = PBXReferenceProxy;
			fileType = archive.ar;
			path = libAirMaps.a;
			remoteRef = E4FDAD9822522DCE0009912A /* PBXContainerItemProxy */;
			sourceTree = BUILT_PRODUCTS_DIR;
		};
		E4FDADA022522EAB0009912A /* libReactNativePermissions.a */ = {
			isa = PBXReferenceProxy;
			fileType = archive.ar;
			path = libReactNativePermissions.a;
			remoteRef = E4FDAD9F22522EAB0009912A /* PBXContainerItemProxy */;
			sourceTree = BUILT_PRODUCTS_DIR;
		};
		E4FDADA722522F900009912A /* libRNImagePicker.a */ = {
			isa = PBXReferenceProxy;
			fileType = archive.ar;
			path = libRNImagePicker.a;
			remoteRef = E4FDADA622522F900009912A /* PBXContainerItemProxy */;
			sourceTree = BUILT_PRODUCTS_DIR;
		};
		E4FDADAE22522FFD0009912A /* libRCTImageResizer.a */ = {
			isa = PBXReferenceProxy;
			fileType = archive.ar;
			path = libRCTImageResizer.a;
			remoteRef = E4FDADAD22522FFD0009912A /* PBXContainerItemProxy */;
			sourceTree = BUILT_PRODUCTS_DIR;
		};
		E4FDAE2822525ED20009912A /* libRNFetchBlob.a */ = {
			isa = PBXReferenceProxy;
			fileType = archive.ar;
			path = libRNFetchBlob.a;
			remoteRef = E4FDAE2722525ED20009912A /* PBXContainerItemProxy */;
			sourceTree = BUILT_PRODUCTS_DIR;
		};
		F63DF5F522803510009398CA /* libRNVersionNumber.a */ = {
			isa = PBXReferenceProxy;
			fileType = archive.ar;
			path = libRNVersionNumber.a;
			remoteRef = F63DF5F422803510009398CA /* PBXContainerItemProxy */;
			sourceTree = BUILT_PRODUCTS_DIR;
		};
		F63DF5F722803510009398CA /* libRNVersionNumber-tvOS.a */ = {
			isa = PBXReferenceProxy;
			fileType = archive.ar;
			path = "libRNVersionNumber-tvOS.a";
			remoteRef = F63DF5F622803510009398CA /* PBXContainerItemProxy */;
			sourceTree = BUILT_PRODUCTS_DIR;
		};
/* End PBXReferenceProxy section */

/* Begin PBXResourcesBuildPhase section */
		13B07F8E1A680F5B00A75B9A /* Resources */ = {
			isa = PBXResourcesBuildPhase;
			buildActionMask = 2147483647;
			files = (
				E441FCB1224D812900AD4794 /* Baskerville-Italic.ttf in Resources */,
				13B07FBF1A68108700A75B9A /* Images.xcassets in Resources */,
				13B07FBD1A68108700A75B9A /* LaunchScreen.xib in Resources */,
				E441FB51224D757500AD4794 /* GoogleService-Info.plist in Resources */,
				2C34C59893AF4E1BB701FC66 /* AntDesign.ttf in Resources */,
				8C325781DAEC425EBFE06FD6 /* Entypo.ttf in Resources */,
				33E90F6D2B68447FACAF368D /* EvilIcons.ttf in Resources */,
				7894BD6C42C94EF5857EBAA2 /* Feather.ttf in Resources */,
				E441FCAE224D812900AD4794 /* OCR-A-Regular.ttf in Resources */,
				28753A263A2B434585F7696D /* FontAwesome.ttf in Resources */,
				E441FCB2224D812900AD4794 /* ER-Bukinist-Mac-Bold.ttf in Resources */,
				D39722BC46F046CEB8B91049 /* FontAwesome5_Brands.ttf in Resources */,
				E441FCAF224D812900AD4794 /* Abril-Fatface.ttf in Resources */,
				EB19D53DE3CE433E8115C10B /* FontAwesome5_Regular.ttf in Resources */,
				E441FCAC224D812900AD4794 /* Avenir-Light.ttf in Resources */,
				FC018D234E8B4CC8AB4C978E /* FontAwesome5_Solid.ttf in Resources */,
				6B34976200424FE996951C21 /* Foundation.ttf in Resources */,
				7680BCB9348541C0B3862FAE /* Ionicons.ttf in Resources */,
				E441FCAD224D812900AD4794 /* SukhumvitSet-Bold.ttf in Resources */,
				663C8D69CC24416FA8F9C20B /* MaterialCommunityIcons.ttf in Resources */,
				3418094FBF2B409CA68C7353 /* MaterialIcons.ttf in Resources */,
				E441FCB0224D812900AD4794 /* Helvetica-Light.ttf in Resources */,
				BAE8398A85874E8587913949 /* Octicons.ttf in Resources */,
				2B2BF1FAE97B4F769882EE17 /* SimpleLineIcons.ttf in Resources */,
				A3208E55BAC846CE86459085 /* Zocial.ttf in Resources */,
			);
			runOnlyForDeploymentPostprocessing = 0;
		};
/* End PBXResourcesBuildPhase section */

/* Begin PBXShellScriptBuildPhase section */
		00DD1BFF1BD5951E006B06BC /* Bundle React Native code and images */ = {
			isa = PBXShellScriptBuildPhase;
			buildActionMask = 2147483647;
			files = (
			);
			inputPaths = (
			);
			name = "Bundle React Native code and images";
			outputPaths = (
			);
			runOnlyForDeploymentPostprocessing = 0;
			shellPath = /bin/sh;
			shellScript = "export NODE_BINARY=node\n../node_modules/react-native/scripts/react-native-xcode.sh\n";
		};
		C3012288F7DE8533735ADE4D /* [CP] Check Pods Manifest.lock */ = {
			isa = PBXShellScriptBuildPhase;
			buildActionMask = 2147483647;
			files = (
			);
			inputFileListPaths = (
			);
			inputPaths = (
				"${PODS_PODFILE_DIR_PATH}/Podfile.lock",
				"${PODS_ROOT}/Manifest.lock",
			);
			name = "[CP] Check Pods Manifest.lock";
			outputFileListPaths = (
			);
			outputPaths = (
				"$(DERIVED_FILE_DIR)/Pods-selftape-checkManifestLockResult.txt",
			);
			runOnlyForDeploymentPostprocessing = 0;
			shellPath = /bin/sh;
			shellScript = "diff \"${PODS_PODFILE_DIR_PATH}/Podfile.lock\" \"${PODS_ROOT}/Manifest.lock\" > /dev/null\nif [ $? != 0 ] ; then\n    # print error to STDERR\n    echo \"error: The sandbox is not in sync with the Podfile.lock. Run 'pod install' or update your CocoaPods installation.\" >&2\n    exit 1\nfi\n# This output is used by Xcode 'outputs' to avoid re-running this script phase.\necho \"SUCCESS\" > \"${SCRIPT_OUTPUT_FILE_0}\"\n";
			showEnvVarsInLog = 0;
		};
		E411E62F23042EDA002B2F37 /* InputMask */ = {
			isa = PBXShellScriptBuildPhase;
			buildActionMask = 2147483647;
			files = (
			);
			inputFileListPaths = (
			);
			inputPaths = (
			);
			name = InputMask;
			outputFileListPaths = (
			);
			outputPaths = (
			);
			runOnlyForDeploymentPostprocessing = 0;
			shellPath = /bin/sh;
			shellScript = "EXTRA_DIR=\"${CONFIGURATION_BUILD_DIR}/${UNLOCALIZED_RESOURCES_FOLDER_PATH}/Frameworks/InputMask.framework/Frameworks\"\n\nif [[ -d \"${EXTRA_DIR}\" ]]; then\nrm -rf \"${EXTRA_DIR}\"\nfi\n";
		};
		E4495DE32254A52300853A5C /* ShellScript */ = {
			isa = PBXShellScriptBuildPhase;
			buildActionMask = 2147483647;
			files = (
			);
			inputFileListPaths = (
			);
			inputPaths = (
				"$(BUILT_PRODUCTS_DIR)/$(INFOPLIST_PATH)",
			);
			outputFileListPaths = (
			);
			outputPaths = (
			);
			runOnlyForDeploymentPostprocessing = 0;
			shellPath = /bin/sh;
			shellScript = "# Type a script or drag a script file from your workspace to insert its path.\n\"${PODS_ROOT}/Fabric/run\" 60826f202ef49c1b001cf19222e4b8a930e0362d d67b0d529d1ab9ce3b453db056901d8dc9e6cca31dc9356d66fc98f90fe7a8cf\n";
		};
/* End PBXShellScriptBuildPhase section */

/* Begin PBXSourcesBuildPhase section */
		13B07F871A680F5B00A75B9A /* Sources */ = {
			isa = PBXSourcesBuildPhase;
			buildActionMask = 2147483647;
			files = (
				13B07FBC1A68108700A75B9A /* AppDelegate.m in Sources */,
				13B07FC11A68108700A75B9A /* main.m in Sources */,
			);
			runOnlyForDeploymentPostprocessing = 0;
		};
/* End PBXSourcesBuildPhase section */

/* Begin PBXVariantGroup section */
		13B07FB11A68108700A75B9A /* LaunchScreen.xib */ = {
			isa = PBXVariantGroup;
			children = (
				13B07FB21A68108700A75B9A /* Base */,
			);
			name = LaunchScreen.xib;
			path = selftape;
			sourceTree = "<group>";
		};
/* End PBXVariantGroup section */

/* Begin XCBuildConfiguration section */
		13B07F941A680F5B00A75B9A /* Debug */ = {
			isa = XCBuildConfiguration;
			baseConfigurationReference = 9F5044F24FFBA062B2DB03D3 /* Pods-selftape.debug.xcconfig */;
			buildSettings = {
				ALWAYS_EMBED_SWIFT_STANDARD_LIBRARIES = YES;
				ASSETCATALOG_COMPILER_APPICON_NAME = AppIcon;
				CODE_SIGN_ENTITLEMENTS = selftape/selftape.entitlements;
				CODE_SIGN_IDENTITY = "iPhone Developer";
				CODE_SIGN_STYLE = Automatic;
				CURRENT_PROJECT_VERSION = 355;
				DEAD_CODE_STRIPPING = NO;
				DEVELOPMENT_TEAM = 29F876GRSK;
				HEADER_SEARCH_PATHS = (
					"$(inherited)",
					"$(SRCROOT)/../node_modules/react-native-firebase/ios/RNFirebase/**",
					"$(SRCROOT)/../node_modules/react-native-text-input-mask/ios/RNTextInputMask/RNTextInputMask/**",
				);
				INFOPLIST_FILE = selftape/Info.plist;
				LD_RUNPATH_SEARCH_PATHS = "$(inherited) @executable_path/Frameworks";
				OTHER_LDFLAGS = (
					"$(inherited)",
					"-ObjC",
					"-lc++",
				);
				PRODUCT_BUNDLE_IDENTIFIER = com.selftape.selftape;
				PRODUCT_NAME = selftape;
				PROVISIONING_PROFILE_SPECIFIER = "";
				VERSIONING_SYSTEM = "apple-generic";
			};
			name = Debug;
		};
		13B07F951A680F5B00A75B9A /* Release */ = {
			isa = XCBuildConfiguration;
			baseConfigurationReference = FEA80D9BFE3747F3584F8F3C /* Pods-selftape.release.xcconfig */;
			buildSettings = {
				ALWAYS_EMBED_SWIFT_STANDARD_LIBRARIES = YES;
				ASSETCATALOG_COMPILER_APPICON_NAME = AppIcon;
				CODE_SIGN_ENTITLEMENTS = selftape/selftape.entitlements;
				CODE_SIGN_IDENTITY = "iPhone Developer";
				CODE_SIGN_STYLE = Automatic;
				CURRENT_PROJECT_VERSION = 355;
				DEVELOPMENT_TEAM = 29F876GRSK;
				HEADER_SEARCH_PATHS = (
					"$(inherited)",
					"$(SRCROOT)/../node_modules/react-native-firebase/ios/RNFirebase/**",
					"$(SRCROOT)/../node_modules/react-native-text-input-mask/ios/RNTextInputMask/RNTextInputMask/**",
				);
				INFOPLIST_FILE = selftape/Info.plist;
				LD_RUNPATH_SEARCH_PATHS = "$(inherited) @executable_path/Frameworks";
				OTHER_LDFLAGS = (
					"$(inherited)",
					"-ObjC",
					"-lc++",
				);
				PRODUCT_BUNDLE_IDENTIFIER = com.selftape.selftape;
				PRODUCT_NAME = selftape;
				PROVISIONING_PROFILE_SPECIFIER = "";
				VERSIONING_SYSTEM = "apple-generic";
			};
			name = Release;
		};
		83CBBA201A601CBA00E9B192 /* Debug */ = {
			isa = XCBuildConfiguration;
			buildSettings = {
				ALWAYS_SEARCH_USER_PATHS = NO;
				CLANG_CXX_LANGUAGE_STANDARD = "gnu++0x";
				CLANG_CXX_LIBRARY = "libc++";
				CLANG_ENABLE_MODULES = YES;
				CLANG_ENABLE_OBJC_ARC = YES;
				CLANG_WARN_BLOCK_CAPTURE_AUTORELEASING = YES;
				CLANG_WARN_BOOL_CONVERSION = YES;
				CLANG_WARN_COMMA = YES;
				CLANG_WARN_CONSTANT_CONVERSION = YES;
				CLANG_WARN_DEPRECATED_OBJC_IMPLEMENTATIONS = YES;
				CLANG_WARN_DIRECT_OBJC_ISA_USAGE = YES_ERROR;
				CLANG_WARN_EMPTY_BODY = YES;
				CLANG_WARN_ENUM_CONVERSION = YES;
				CLANG_WARN_INFINITE_RECURSION = YES;
				CLANG_WARN_INT_CONVERSION = YES;
				CLANG_WARN_NON_LITERAL_NULL_CONVERSION = YES;
				CLANG_WARN_OBJC_IMPLICIT_RETAIN_SELF = YES;
				CLANG_WARN_OBJC_LITERAL_CONVERSION = YES;
				CLANG_WARN_OBJC_ROOT_CLASS = YES_ERROR;
				CLANG_WARN_RANGE_LOOP_ANALYSIS = YES;
				CLANG_WARN_STRICT_PROTOTYPES = YES;
				CLANG_WARN_SUSPICIOUS_MOVE = YES;
				CLANG_WARN_UNREACHABLE_CODE = YES;
				CLANG_WARN__DUPLICATE_METHOD_MATCH = YES;
				"CODE_SIGN_IDENTITY[sdk=iphoneos*]" = "iPhone Developer";
				COPY_PHASE_STRIP = NO;
				ENABLE_STRICT_OBJC_MSGSEND = YES;
				ENABLE_TESTABILITY = YES;
				GCC_C_LANGUAGE_STANDARD = gnu99;
				GCC_DYNAMIC_NO_PIC = NO;
				GCC_NO_COMMON_BLOCKS = YES;
				GCC_OPTIMIZATION_LEVEL = 0;
				GCC_PREPROCESSOR_DEFINITIONS = (
					"DEBUG=1",
					"$(inherited)",
				);
				GCC_SYMBOLS_PRIVATE_EXTERN = NO;
				GCC_WARN_64_TO_32_BIT_CONVERSION = YES;
				GCC_WARN_ABOUT_RETURN_TYPE = YES_ERROR;
				GCC_WARN_UNDECLARED_SELECTOR = YES;
				GCC_WARN_UNINITIALIZED_AUTOS = YES_AGGRESSIVE;
				GCC_WARN_UNUSED_FUNCTION = YES;
				GCC_WARN_UNUSED_VARIABLE = YES;
				IPHONEOS_DEPLOYMENT_TARGET = 8.0;
				MTL_ENABLE_DEBUG_INFO = YES;
				ONLY_ACTIVE_ARCH = YES;
				SDKROOT = iphoneos;
			};
			name = Debug;
		};
		83CBBA211A601CBA00E9B192 /* Release */ = {
			isa = XCBuildConfiguration;
			buildSettings = {
				ALWAYS_SEARCH_USER_PATHS = NO;
				CLANG_CXX_LANGUAGE_STANDARD = "gnu++0x";
				CLANG_CXX_LIBRARY = "libc++";
				CLANG_ENABLE_MODULES = YES;
				CLANG_ENABLE_OBJC_ARC = YES;
				CLANG_WARN_BLOCK_CAPTURE_AUTORELEASING = YES;
				CLANG_WARN_BOOL_CONVERSION = YES;
				CLANG_WARN_COMMA = YES;
				CLANG_WARN_CONSTANT_CONVERSION = YES;
				CLANG_WARN_DEPRECATED_OBJC_IMPLEMENTATIONS = YES;
				CLANG_WARN_DIRECT_OBJC_ISA_USAGE = YES_ERROR;
				CLANG_WARN_EMPTY_BODY = YES;
				CLANG_WARN_ENUM_CONVERSION = YES;
				CLANG_WARN_INFINITE_RECURSION = YES;
				CLANG_WARN_INT_CONVERSION = YES;
				CLANG_WARN_NON_LITERAL_NULL_CONVERSION = YES;
				CLANG_WARN_OBJC_IMPLICIT_RETAIN_SELF = YES;
				CLANG_WARN_OBJC_LITERAL_CONVERSION = YES;
				CLANG_WARN_OBJC_ROOT_CLASS = YES_ERROR;
				CLANG_WARN_RANGE_LOOP_ANALYSIS = YES;
				CLANG_WARN_STRICT_PROTOTYPES = YES;
				CLANG_WARN_SUSPICIOUS_MOVE = YES;
				CLANG_WARN_UNREACHABLE_CODE = YES;
				CLANG_WARN__DUPLICATE_METHOD_MATCH = YES;
				"CODE_SIGN_IDENTITY[sdk=iphoneos*]" = "iPhone Developer";
				COPY_PHASE_STRIP = YES;
				ENABLE_NS_ASSERTIONS = NO;
				ENABLE_STRICT_OBJC_MSGSEND = YES;
				GCC_C_LANGUAGE_STANDARD = gnu99;
				GCC_NO_COMMON_BLOCKS = YES;
				GCC_WARN_64_TO_32_BIT_CONVERSION = YES;
				GCC_WARN_ABOUT_RETURN_TYPE = YES_ERROR;
				GCC_WARN_UNDECLARED_SELECTOR = YES;
				GCC_WARN_UNINITIALIZED_AUTOS = YES_AGGRESSIVE;
				GCC_WARN_UNUSED_FUNCTION = YES;
				GCC_WARN_UNUSED_VARIABLE = YES;
				IPHONEOS_DEPLOYMENT_TARGET = 8.0;
				MTL_ENABLE_DEBUG_INFO = NO;
				SDKROOT = iphoneos;
				VALIDATE_PRODUCT = YES;
			};
			name = Release;
		};
/* End XCBuildConfiguration section */

/* Begin XCConfigurationList section */
		13B07F931A680F5B00A75B9A /* Build configuration list for PBXNativeTarget "selftape" */ = {
			isa = XCConfigurationList;
			buildConfigurations = (
				13B07F941A680F5B00A75B9A /* Debug */,
				13B07F951A680F5B00A75B9A /* Release */,
			);
			defaultConfigurationIsVisible = 0;
			defaultConfigurationName = Release;
		};
		83CBB9FA1A601CBA00E9B192 /* Build configuration list for PBXProject "selftape" */ = {
			isa = XCConfigurationList;
			buildConfigurations = (
				83CBBA201A601CBA00E9B192 /* Debug */,
				83CBBA211A601CBA00E9B192 /* Release */,
			);
			defaultConfigurationIsVisible = 0;
			defaultConfigurationName = Release;
		};
/* End XCConfigurationList section */
	};
	rootObject = 83CBB9F71A601CBA00E9B192 /* Project object */;
}
